// !$*UTF8*$!
{
	archiveVersion = 1;
	classes = {
	};
	objectVersion = 56;
	objects = {

/* Begin PBXBuildFile section */
		B31A3C792BAA264D005728C8 /* AppDelegate.swift in Sources */ = {isa = PBXBuildFile; fileRef = B31A3C782BAA264D005728C8 /* AppDelegate.swift */; };
		B31A3C7B2BAA264D005728C8 /* GameScene.sks in Resources */ = {isa = PBXBuildFile; fileRef = B31A3C7A2BAA264D005728C8 /* GameScene.sks */; };
		B31A3C7D2BAA264D005728C8 /* Actions.sks in Resources */ = {isa = PBXBuildFile; fileRef = B31A3C7C2BAA264D005728C8 /* Actions.sks */; };
		B31A3C7F2BAA264D005728C8 /* GameScene.swift in Sources */ = {isa = PBXBuildFile; fileRef = B31A3C7E2BAA264D005728C8 /* GameScene.swift */; };
		B31A3C812BAA264D005728C8 /* GameViewController.swift in Sources */ = {isa = PBXBuildFile; fileRef = B31A3C802BAA264D005728C8 /* GameViewController.swift */; };
		B31A3C842BAA264D005728C8 /* Main.storyboard in Resources */ = {isa = PBXBuildFile; fileRef = B31A3C822BAA264D005728C8 /* Main.storyboard */; };
		B31A3C862BAA264F005728C8 /* Assets.xcassets in Resources */ = {isa = PBXBuildFile; fileRef = B31A3C852BAA264F005728C8 /* Assets.xcassets */; };
		B31A3C892BAA264F005728C8 /* LaunchScreen.storyboard in Resources */ = {isa = PBXBuildFile; fileRef = B31A3C872BAA264F005728C8 /* LaunchScreen.storyboard */; };
		B31A3C912BAA5085005728C8 /* CatNode.swift in Sources */ = {isa = PBXBuildFile; fileRef = B31A3C902BAA5085005728C8 /* CatNode.swift */; };
		B31A3C932BAA55C9005728C8 /* WallMaterial.swift in Sources */ = {isa = PBXBuildFile; fileRef = B31A3C922BAA55C9005728C8 /* WallMaterial.swift */; };
		B31A3C962BAA5862005728C8 /* WallNode.swift in Sources */ = {isa = PBXBuildFile; fileRef = B31A3C952BAA5862005728C8 /* WallNode.swift */; };
		B31A3C982BAA5AF6005728C8 /* PhysicsCategory.swift in Sources */ = {isa = PBXBuildFile; fileRef = B31A3C972BAA5AF6005728C8 /* PhysicsCategory.swift */; };
		B31A3C9A2BAA60EF005728C8 /* FloorNode.swift in Sources */ = {isa = PBXBuildFile; fileRef = B31A3C992BAA60EF005728C8 /* FloorNode.swift */; };
		B3434B702BACAEE000F9D401 /* WallFactory.swift in Sources */ = {isa = PBXBuildFile; fileRef = B3434B6F2BACAEE000F9D401 /* WallFactory.swift */; };
/* End PBXBuildFile section */

/* Begin PBXFileReference section */
		B31A3C752BAA264D005728C8 /* business.app */ = {isa = PBXFileReference; explicitFileType = wrapper.application; includeInIndex = 0; path = business.app; sourceTree = BUILT_PRODUCTS_DIR; };
		B31A3C782BAA264D005728C8 /* AppDelegate.swift */ = {isa = PBXFileReference; lastKnownFileType = sourcecode.swift; path = AppDelegate.swift; sourceTree = "<group>"; };
		B31A3C7A2BAA264D005728C8 /* GameScene.sks */ = {isa = PBXFileReference; lastKnownFileType = file.sks; path = GameScene.sks; sourceTree = "<group>"; };
		B31A3C7C2BAA264D005728C8 /* Actions.sks */ = {isa = PBXFileReference; lastKnownFileType = file.sks; path = Actions.sks; sourceTree = "<group>"; };
		B31A3C7E2BAA264D005728C8 /* GameScene.swift */ = {isa = PBXFileReference; lastKnownFileType = sourcecode.swift; path = GameScene.swift; sourceTree = "<group>"; };
		B31A3C802BAA264D005728C8 /* GameViewController.swift */ = {isa = PBXFileReference; lastKnownFileType = sourcecode.swift; path = GameViewController.swift; sourceTree = "<group>"; };
		B31A3C832BAA264D005728C8 /* Base */ = {isa = PBXFileReference; lastKnownFileType = file.storyboard; name = Base; path = Base.lproj/Main.storyboard; sourceTree = "<group>"; };
		B31A3C852BAA264F005728C8 /* Assets.xcassets */ = {isa = PBXFileReference; lastKnownFileType = folder.assetcatalog; path = Assets.xcassets; sourceTree = "<group>"; };
		B31A3C882BAA264F005728C8 /* Base */ = {isa = PBXFileReference; lastKnownFileType = file.storyboard; name = Base; path = Base.lproj/LaunchScreen.storyboard; sourceTree = "<group>"; };
		B31A3C902BAA5085005728C8 /* CatNode.swift */ = {isa = PBXFileReference; lastKnownFileType = sourcecode.swift; path = CatNode.swift; sourceTree = "<group>"; };
		B31A3C922BAA55C9005728C8 /* WallMaterial.swift */ = {isa = PBXFileReference; lastKnownFileType = sourcecode.swift; path = WallMaterial.swift; sourceTree = "<group>"; };
		B31A3C952BAA5862005728C8 /* WallNode.swift */ = {isa = PBXFileReference; lastKnownFileType = sourcecode.swift; path = WallNode.swift; sourceTree = "<group>"; };
		B31A3C972BAA5AF6005728C8 /* PhysicsCategory.swift */ = {isa = PBXFileReference; lastKnownFileType = sourcecode.swift; path = PhysicsCategory.swift; sourceTree = "<group>"; };
		B31A3C992BAA60EF005728C8 /* FloorNode.swift */ = {isa = PBXFileReference; lastKnownFileType = sourcecode.swift; path = FloorNode.swift; sourceTree = "<group>"; };
		B3434B6F2BACAEE000F9D401 /* WallFactory.swift */ = {isa = PBXFileReference; lastKnownFileType = sourcecode.swift; path = WallFactory.swift; sourceTree = "<group>"; };
/* End PBXFileReference section */

/* Begin PBXFrameworksBuildPhase section */
		B31A3C722BAA264D005728C8 /* Frameworks */ = {
			isa = PBXFrameworksBuildPhase;
			buildActionMask = 2147483647;
			files = (
			);
			runOnlyForDeploymentPostprocessing = 0;
		};
/* End PBXFrameworksBuildPhase section */

/* Begin PBXGroup section */
		B31A3C6C2BAA264D005728C8 = {
			isa = PBXGroup;
			children = (
				B31A3C772BAA264D005728C8 /* business */,
				B31A3C762BAA264D005728C8 /* Products */,
			);
			sourceTree = "<group>";
		};
		B31A3C762BAA264D005728C8 /* Products */ = {
			isa = PBXGroup;
			children = (
				B31A3C752BAA264D005728C8 /* business.app */,
			);
			name = Products;
			sourceTree = "<group>";
		};
		B31A3C772BAA264D005728C8 /* business */ = {
			isa = PBXGroup;
			children = (
				B3434B742BACB7B900F9D401 /* Storyboards */,
				B3434B732BACB7B200F9D401 /* Common */,
				B3434B722BACB7A200F9D401 /* Scene */,
				B3434B712BACB79900F9D401 /* Factories */,
				B31A3C8F2BAA5058005728C8 /* Model */,
				B31A3C802BAA264D005728C8 /* GameViewController.swift */,
				B31A3C852BAA264F005728C8 /* Assets.xcassets */,
			);
			path = business;
			sourceTree = "<group>";
		};
		B31A3C8F2BAA5058005728C8 /* Model */ = {
			isa = PBXGroup;
			children = (
				B3434B6E2BAB655700F9D401 /* +ext */,
				B31A3C942BAA5852005728C8 /* GameNode */,
				B31A3C922BAA55C9005728C8 /* WallMaterial.swift */,
				B31A3C972BAA5AF6005728C8 /* PhysicsCategory.swift */,
			);
			path = Model;
			sourceTree = "<group>";
		};
		B31A3C942BAA5852005728C8 /* GameNode */ = {
			isa = PBXGroup;
			children = (
				B31A3C902BAA5085005728C8 /* CatNode.swift */,
				B31A3C952BAA5862005728C8 /* WallNode.swift */,
				B31A3C992BAA60EF005728C8 /* FloorNode.swift */,
			);
			path = GameNode;
			sourceTree = "<group>";
		};
		B3434B6E2BAB655700F9D401 /* +ext */ = {
			isa = PBXGroup;
			children = (
			);
			path = "+ext";
			sourceTree = "<group>";
		};
		B3434B712BACB79900F9D401 /* Factories */ = {
			isa = PBXGroup;
			children = (
				B3434B6F2BACAEE000F9D401 /* WallFactory.swift */,
			);
			path = Factories;
			sourceTree = "<group>";
		};
		B3434B722BACB7A200F9D401 /* Scene */ = {
			isa = PBXGroup;
			children = (
				B31A3C7C2BAA264D005728C8 /* Actions.sks */,
				B31A3C7E2BAA264D005728C8 /* GameScene.swift */,
				B31A3C7A2BAA264D005728C8 /* GameScene.sks */,
			);
			path = Scene;
			sourceTree = "<group>";
		};
		B3434B732BACB7B200F9D401 /* Common */ = {
			isa = PBXGroup;
			children = (
				B31A3C782BAA264D005728C8 /* AppDelegate.swift */,
			);
			path = Common;
			sourceTree = "<group>";
		};
		B3434B742BACB7B900F9D401 /* Storyboards */ = {
			isa = PBXGroup;
			children = (
				B31A3C822BAA264D005728C8 /* Main.storyboard */,
				B31A3C872BAA264F005728C8 /* LaunchScreen.storyboard */,
			);
			path = Storyboards;
			sourceTree = "<group>";
		};
/* End PBXGroup section */

/* Begin PBXNativeTarget section */
		B31A3C742BAA264D005728C8 /* business */ = {
			isa = PBXNativeTarget;
			buildConfigurationList = B31A3C8C2BAA264F005728C8 /* Build configuration list for PBXNativeTarget "business" */;
			buildPhases = (
				B31A3C712BAA264D005728C8 /* Sources */,
				B31A3C722BAA264D005728C8 /* Frameworks */,
				B31A3C732BAA264D005728C8 /* Resources */,
			);
			buildRules = (
			);
			dependencies = (
			);
			name = business;
			productName = business;
			productReference = B31A3C752BAA264D005728C8 /* business.app */;
			productType = "com.apple.product-type.application";
		};
/* End PBXNativeTarget section */

/* Begin PBXProject section */
		B31A3C6D2BAA264D005728C8 /* Project object */ = {
			isa = PBXProject;
			attributes = {
				BuildIndependentTargetsInParallel = 1;
				LastSwiftUpdateCheck = 1520;
				LastUpgradeCheck = 1520;
				TargetAttributes = {
					B31A3C742BAA264D005728C8 = {
						CreatedOnToolsVersion = 15.2;
					};
				};
			};
			buildConfigurationList = B31A3C702BAA264D005728C8 /* Build configuration list for PBXProject "business" */;
			compatibilityVersion = "Xcode 14.0";
			developmentRegion = en;
			hasScannedForEncodings = 0;
			knownRegions = (
				en,
				Base,
			);
			mainGroup = B31A3C6C2BAA264D005728C8;
			productRefGroup = B31A3C762BAA264D005728C8 /* Products */;
			projectDirPath = "";
			projectRoot = "";
			targets = (
				B31A3C742BAA264D005728C8 /* business */,
			);
		};
/* End PBXProject section */

/* Begin PBXResourcesBuildPhase section */
		B31A3C732BAA264D005728C8 /* Resources */ = {
			isa = PBXResourcesBuildPhase;
			buildActionMask = 2147483647;
			files = (
				B31A3C842BAA264D005728C8 /* Main.storyboard in Resources */,
				B31A3C7B2BAA264D005728C8 /* GameScene.sks in Resources */,
				B31A3C862BAA264F005728C8 /* Assets.xcassets in Resources */,
				B31A3C892BAA264F005728C8 /* LaunchScreen.storyboard in Resources */,
				B31A3C7D2BAA264D005728C8 /* Actions.sks in Resources */,
			);
			runOnlyForDeploymentPostprocessing = 0;
		};
/* End PBXResourcesBuildPhase section */

/* Begin PBXSourcesBuildPhase section */
		B31A3C712BAA264D005728C8 /* Sources */ = {
			isa = PBXSourcesBuildPhase;
			buildActionMask = 2147483647;
			files = (
				B31A3C932BAA55C9005728C8 /* WallMaterial.swift in Sources */,
				B3434B702BACAEE000F9D401 /* WallFactory.swift in Sources */,
				B31A3C912BAA5085005728C8 /* CatNode.swift in Sources */,
				B31A3C9A2BAA60EF005728C8 /* FloorNode.swift in Sources */,
				B31A3C7F2BAA264D005728C8 /* GameScene.swift in Sources */,
				B31A3C812BAA264D005728C8 /* GameViewController.swift in Sources */,
				B31A3C792BAA264D005728C8 /* AppDelegate.swift in Sources */,
				B31A3C962BAA5862005728C8 /* WallNode.swift in Sources */,
				B31A3C982BAA5AF6005728C8 /* PhysicsCategory.swift in Sources */,
			);
			runOnlyForDeploymentPostprocessing = 0;
		};
/* End PBXSourcesBuildPhase section */

/* Begin PBXVariantGroup section */
		B31A3C822BAA264D005728C8 /* Main.storyboard */ = {
			isa = PBXVariantGroup;
			children = (
				B31A3C832BAA264D005728C8 /* Base */,
			);
			name = Main.storyboard;
			sourceTree = "<group>";
		};
		B31A3C872BAA264F005728C8 /* LaunchScreen.storyboard */ = {
			isa = PBXVariantGroup;
			children = (
				B31A3C882BAA264F005728C8 /* Base */,
			);
			name = LaunchScreen.storyboard;
			sourceTree = "<group>";
		};
/* End PBXVariantGroup section */

/* Begin XCBuildConfiguration section */
		B31A3C8A2BAA264F005728C8 /* Debug */ = {
			isa = XCBuildConfiguration;
			buildSettings = {
				ALWAYS_SEARCH_USER_PATHS = NO;
				ASSETCATALOG_COMPILER_GENERATE_SWIFT_ASSET_SYMBOL_EXTENSIONS = YES;
				CLANG_ANALYZER_NONNULL = YES;
				CLANG_ANALYZER_NUMBER_OBJECT_CONVERSION = YES_AGGRESSIVE;
				CLANG_CXX_LANGUAGE_STANDARD = "gnu++20";
				CLANG_ENABLE_MODULES = YES;
				CLANG_ENABLE_OBJC_ARC = YES;
				CLANG_ENABLE_OBJC_WEAK = YES;
				CLANG_WARN_BLOCK_CAPTURE_AUTORELEASING = YES;
				CLANG_WARN_BOOL_CONVERSION = YES;
				CLANG_WARN_COMMA = YES;
				CLANG_WARN_CONSTANT_CONVERSION = YES;
				CLANG_WARN_DEPRECATED_OBJC_IMPLEMENTATIONS = YES;
				CLANG_WARN_DIRECT_OBJC_ISA_USAGE = YES_ERROR;
				CLANG_WARN_DOCUMENTATION_COMMENTS = YES;
				CLANG_WARN_EMPTY_BODY = YES;
				CLANG_WARN_ENUM_CONVERSION = YES;
				CLANG_WARN_INFINITE_RECURSION = YES;
				CLANG_WARN_INT_CONVERSION = YES;
				CLANG_WARN_NON_LITERAL_NULL_CONVERSION = YES;
				CLANG_WARN_OBJC_IMPLICIT_RETAIN_SELF = YES;
				CLANG_WARN_OBJC_LITERAL_CONVERSION = YES;
				CLANG_WARN_OBJC_ROOT_CLASS = YES_ERROR;
				CLANG_WARN_QUOTED_INCLUDE_IN_FRAMEWORK_HEADER = YES;
				CLANG_WARN_RANGE_LOOP_ANALYSIS = YES;
				CLANG_WARN_STRICT_PROTOTYPES = YES;
				CLANG_WARN_SUSPICIOUS_MOVE = YES;
				CLANG_WARN_UNGUARDED_AVAILABILITY = YES_AGGRESSIVE;
				CLANG_WARN_UNREACHABLE_CODE = YES;
				CLANG_WARN__DUPLICATE_METHOD_MATCH = YES;
				COPY_PHASE_STRIP = NO;
				DEBUG_INFORMATION_FORMAT = dwarf;
				ENABLE_STRICT_OBJC_MSGSEND = YES;
				ENABLE_TESTABILITY = YES;
				ENABLE_USER_SCRIPT_SANDBOXING = YES;
				GCC_C_LANGUAGE_STANDARD = gnu17;
				GCC_DYNAMIC_NO_PIC = NO;
				GCC_NO_COMMON_BLOCKS = YES;
				GCC_OPTIMIZATION_LEVEL = 0;
				GCC_PREPROCESSOR_DEFINITIONS = (
					"DEBUG=1",
					"$(inherited)",
				);
				GCC_WARN_64_TO_32_BIT_CONVERSION = YES;
				GCC_WARN_ABOUT_RETURN_TYPE = YES_ERROR;
				GCC_WARN_UNDECLARED_SELECTOR = YES;
				GCC_WARN_UNINITIALIZED_AUTOS = YES_AGGRESSIVE;
				GCC_WARN_UNUSED_FUNCTION = YES;
				GCC_WARN_UNUSED_VARIABLE = YES;
				IPHONEOS_DEPLOYMENT_TARGET = 17.2;
				LOCALIZATION_PREFERS_STRING_CATALOGS = YES;
				MTL_ENABLE_DEBUG_INFO = INCLUDE_SOURCE;
				MTL_FAST_MATH = YES;
				ONLY_ACTIVE_ARCH = YES;
				SDKROOT = iphoneos;
				SWIFT_ACTIVE_COMPILATION_CONDITIONS = "DEBUG $(inherited)";
				SWIFT_OPTIMIZATION_LEVEL = "-Onone";
			};
			name = Debug;
		};
		B31A3C8B2BAA264F005728C8 /* Release */ = {
			isa = XCBuildConfiguration;
			buildSettings = {
				ALWAYS_SEARCH_USER_PATHS = NO;
				ASSETCATALOG_COMPILER_GENERATE_SWIFT_ASSET_SYMBOL_EXTENSIONS = YES;
				CLANG_ANALYZER_NONNULL = YES;
				CLANG_ANALYZER_NUMBER_OBJECT_CONVERSION = YES_AGGRESSIVE;
				CLANG_CXX_LANGUAGE_STANDARD = "gnu++20";
				CLANG_ENABLE_MODULES = YES;
				CLANG_ENABLE_OBJC_ARC = YES;
				CLANG_ENABLE_OBJC_WEAK = YES;
				CLANG_WARN_BLOCK_CAPTURE_AUTORELEASING = YES;
				CLANG_WARN_BOOL_CONVERSION = YES;
				CLANG_WARN_COMMA = YES;
				CLANG_WARN_CONSTANT_CONVERSION = YES;
				CLANG_WARN_DEPRECATED_OBJC_IMPLEMENTATIONS = YES;
				CLANG_WARN_DIRECT_OBJC_ISA_USAGE = YES_ERROR;
				CLANG_WARN_DOCUMENTATION_COMMENTS = YES;
				CLANG_WARN_EMPTY_BODY = YES;
				CLANG_WARN_ENUM_CONVERSION = YES;
				CLANG_WARN_INFINITE_RECURSION = YES;
				CLANG_WARN_INT_CONVERSION = YES;
				CLANG_WARN_NON_LITERAL_NULL_CONVERSION = YES;
				CLANG_WARN_OBJC_IMPLICIT_RETAIN_SELF = YES;
				CLANG_WARN_OBJC_LITERAL_CONVERSION = YES;
				CLANG_WARN_OBJC_ROOT_CLASS = YES_ERROR;
				CLANG_WARN_QUOTED_INCLUDE_IN_FRAMEWORK_HEADER = YES;
				CLANG_WARN_RANGE_LOOP_ANALYSIS = YES;
				CLANG_WARN_STRICT_PROTOTYPES = YES;
				CLANG_WARN_SUSPICIOUS_MOVE = YES;
				CLANG_WARN_UNGUARDED_AVAILABILITY = YES_AGGRESSIVE;
				CLANG_WARN_UNREACHABLE_CODE = YES;
				CLANG_WARN__DUPLICATE_METHOD_MATCH = YES;
				COPY_PHASE_STRIP = NO;
				DEBUG_INFORMATION_FORMAT = "dwarf-with-dsym";
				ENABLE_NS_ASSERTIONS = NO;
				ENABLE_STRICT_OBJC_MSGSEND = YES;
				ENABLE_USER_SCRIPT_SANDBOXING = YES;
				GCC_C_LANGUAGE_STANDARD = gnu17;
				GCC_NO_COMMON_BLOCKS = YES;
				GCC_WARN_64_TO_32_BIT_CONVERSION = YES;
				GCC_WARN_ABOUT_RETURN_TYPE = YES_ERROR;
				GCC_WARN_UNDECLARED_SELECTOR = YES;
				GCC_WARN_UNINITIALIZED_AUTOS = YES_AGGRESSIVE;
				GCC_WARN_UNUSED_FUNCTION = YES;
				GCC_WARN_UNUSED_VARIABLE = YES;
				IPHONEOS_DEPLOYMENT_TARGET = 17.2;
				LOCALIZATION_PREFERS_STRING_CATALOGS = YES;
				MTL_ENABLE_DEBUG_INFO = NO;
				MTL_FAST_MATH = YES;
				SDKROOT = iphoneos;
				SWIFT_COMPILATION_MODE = wholemodule;
				VALIDATE_PRODUCT = YES;
			};
			name = Release;
		};
		B31A3C8D2BAA264F005728C8 /* Debug */ = {
			isa = XCBuildConfiguration;
			buildSettings = {
				ASSETCATALOG_COMPILER_APPICON_NAME = AppIcon;
				ASSETCATALOG_COMPILER_GLOBAL_ACCENT_COLOR_NAME = AccentColor;
				CODE_SIGN_STYLE = Automatic;
				CURRENT_PROJECT_VERSION = 2;
				DEVELOPMENT_TEAM = 7U55BCTM6U;
				GENERATE_INFOPLIST_FILE = YES;
				INFOPLIST_KEY_CFBundleDisplayName = "Uuup Up Cat";
				INFOPLIST_KEY_LSApplicationCategoryType = "public.app-category.games";
				INFOPLIST_KEY_UIApplicationSupportsIndirectInputEvents = YES;
				INFOPLIST_KEY_UILaunchStoryboardName = LaunchScreen;
				INFOPLIST_KEY_UIMainStoryboardFile = Main;
				INFOPLIST_KEY_UIRequiresFullScreen = YES;
				INFOPLIST_KEY_UIStatusBarHidden = YES;
				INFOPLIST_KEY_UIStatusBarStyle = "";
				INFOPLIST_KEY_UISupportedInterfaceOrientations = "UIInterfaceOrientationPortrait UIInterfaceOrientationPortraitUpsideDown";
				IPHONEOS_DEPLOYMENT_TARGET = 16.0;
				LD_RUNPATH_SEARCH_PATHS = (
					"$(inherited)",
					"@executable_path/Frameworks",
				);
				MARKETING_VERSION = 0.1;
				PRODUCT_BUNDLE_IDENTIFIER = dev.mnhz.business;
				PRODUCT_NAME = "$(TARGET_NAME)";
				SWIFT_EMIT_LOC_STRINGS = YES;
				SWIFT_VERSION = 5.0;
				TARGETED_DEVICE_FAMILY = "1,2";
			};
			name = Debug;
		};
		B31A3C8E2BAA264F005728C8 /* Release */ = {
			isa = XCBuildConfiguration;
			buildSettings = {
				ASSETCATALOG_COMPILER_APPICON_NAME = AppIcon;
				ASSETCATALOG_COMPILER_GLOBAL_ACCENT_COLOR_NAME = AccentColor;
				CODE_SIGN_STYLE = Automatic;
				CURRENT_PROJECT_VERSION = 2;
				DEVELOPMENT_TEAM = 7U55BCTM6U;
				GENERATE_INFOPLIST_FILE = YES;
				INFOPLIST_KEY_CFBundleDisplayName = "Uuup Up Cat";
				INFOPLIST_KEY_LSApplicationCategoryType = "public.app-category.games";
				INFOPLIST_KEY_UIApplicationSupportsIndirectInputEvents = YES;
				INFOPLIST_KEY_UILaunchStoryboardName = LaunchScreen;
				INFOPLIST_KEY_UIMainStoryboardFile = Main;
				INFOPLIST_KEY_UIRequiresFullScreen = YES;
				INFOPLIST_KEY_UIStatusBarHidden = YES;
				INFOPLIST_KEY_UIStatusBarStyle = "";
				INFOPLIST_KEY_UISupportedInterfaceOrientations = "UIInterfaceOrientationPortrait UIInterfaceOrientationPortraitUpsideDown";
				IPHONEOS_DEPLOYMENT_TARGET = 16.0;
				LD_RUNPATH_SEARCH_PATHS = (
					"$(inherited)",
					"@executable_path/Frameworks",
				);
				MARKETING_VERSION = 0.1;
				PRODUCT_BUNDLE_IDENTIFIER = dev.mnhz.business;
				PRODUCT_NAME = "$(TARGET_NAME)";
				SWIFT_EMIT_LOC_STRINGS = YES;
				SWIFT_VERSION = 5.0;
				TARGETED_DEVICE_FAMILY = "1,2";
			};
			name = Release;
		};
/* End XCBuildConfiguration section */

/* Begin XCConfigurationList section */
		B31A3C702BAA264D005728C8 /* Build configuration list for PBXProject "business" */ = {
			isa = XCConfigurationList;
			buildConfigurations = (
				B31A3C8A2BAA264F005728C8 /* Debug */,
				B31A3C8B2BAA264F005728C8 /* Release */,
			);
			defaultConfigurationIsVisible = 0;
			defaultConfigurationName = Release;
		};
		B31A3C8C2BAA264F005728C8 /* Build configuration list for PBXNativeTarget "business" */ = {
			isa = XCConfigurationList;
			buildConfigurations = (
				B31A3C8D2BAA264F005728C8 /* Debug */,
				B31A3C8E2BAA264F005728C8 /* Release */,
			);
			defaultConfigurationIsVisible = 0;
			defaultConfigurationName = Release;
		};
/* End XCConfigurationList section */
	};
	rootObject = B31A3C6D2BAA264D005728C8 /* Project object */;
}
