// !$*UTF8*$!
{
	archiveVersion = 1;
	classes = {
	};
	objectVersion = 56;
	objects = {

/* Begin PBXBuildFile section */
		B31A3C792BAA264D005728C8 /* AppDelegate.swift in Sources */ = {isa = PBXBuildFile; fileRef = B31A3C782BAA264D005728C8 /* AppDelegate.swift */; };
		B31A3C7B2BAA264D005728C8 /* GameScene.sks in Resources */ = {isa = PBXBuildFile; fileRef = B31A3C7A2BAA264D005728C8 /* GameScene.sks */; };
		B31A3C7D2BAA264D005728C8 /* Actions.sks in Resources */ = {isa = PBXBuildFile; fileRef = B31A3C7C2BAA264D005728C8 /* Actions.sks */; };
		B31A3C7F2BAA264D005728C8 /* GameScene.swift in Sources */ = {isa = PBXBuildFile; fileRef = B31A3C7E2BAA264D005728C8 /* GameScene.swift */; };
		B31A3C812BAA264D005728C8 /* GameViewController.swift in Sources */ = {isa = PBXBuildFile; fileRef = B31A3C802BAA264D005728C8 /* GameViewController.swift */; };
		B31A3C862BAA264F005728C8 /* Assets.xcassets in Resources */ = {isa = PBXBuildFile; fileRef = B31A3C852BAA264F005728C8 /* Assets.xcassets */; };
		B31A3C892BAA264F005728C8 /* LaunchScreen.storyboard in Resources */ = {isa = PBXBuildFile; fileRef = B31A3C872BAA264F005728C8 /* LaunchScreen.storyboard */; };
		B31A3C932BAA55C9005728C8 /* WallMaterial.swift in Sources */ = {isa = PBXBuildFile; fileRef = B31A3C922BAA55C9005728C8 /* WallMaterial.swift */; };
		B31A3C962BAA5862005728C8 /* WallNode.swift in Sources */ = {isa = PBXBuildFile; fileRef = B31A3C952BAA5862005728C8 /* WallNode.swift */; };
		B31A3C982BAA5AF6005728C8 /* PhysicsCategory.swift in Sources */ = {isa = PBXBuildFile; fileRef = B31A3C972BAA5AF6005728C8 /* PhysicsCategory.swift */; };
		B3434B702BACAEE000F9D401 /* WallFactory.swift in Sources */ = {isa = PBXBuildFile; fileRef = B3434B6F2BACAEE000F9D401 /* WallFactory.swift */; };
		B3434B782BB10A8600F9D401 /* GameManager.swift in Sources */ = {isa = PBXBuildFile; fileRef = B3434B772BB10A8600F9D401 /* GameManager.swift */; };
		B3434B7A2BB1E0E500F9D401 /* CGVector+ext.swift in Sources */ = {isa = PBXBuildFile; fileRef = B3434B792BB1E0E500F9D401 /* CGVector+ext.swift */; };
		B3434B7E2BB1E3B500F9D401 /* AgentComponent.swift in Sources */ = {isa = PBXBuildFile; fileRef = B3434B7D2BB1E3B500F9D401 /* AgentComponent.swift */; };
		B3434B802BB1E3EE00F9D401 /* CucumberSpriteComponent.swift in Sources */ = {isa = PBXBuildFile; fileRef = B3434B7F2BB1E3EE00F9D401 /* CucumberSpriteComponent.swift */; };
		B3434B822BB1E45700F9D401 /* CucumberEntity.swift in Sources */ = {isa = PBXBuildFile; fileRef = B3434B812BB1E45700F9D401 /* CucumberEntity.swift */; };
		B3434B842BB1E50200F9D401 /* CatEntity.swift in Sources */ = {isa = PBXBuildFile; fileRef = B3434B832BB1E50200F9D401 /* CatEntity.swift */; };
		B3434B862BB1E51B00F9D401 /* CatSpriteComponent.swift in Sources */ = {isa = PBXBuildFile; fileRef = B3434B852BB1E51B00F9D401 /* CatSpriteComponent.swift */; };
		B3434B8C2BB33B8600F9D401 /* GameConstants.swift in Sources */ = {isa = PBXBuildFile; fileRef = B3434B8B2BB33B8600F9D401 /* GameConstants.swift */; };
		B3434B922BB4972E00F9D401 /* CameraManager.swift in Sources */ = {isa = PBXBuildFile; fileRef = B3434B912BB4972E00F9D401 /* CameraManager.swift */; };
		B39B02E42BB8B18100924FCA /* CGPoint+ext.swift in Sources */ = {isa = PBXBuildFile; fileRef = B39B02E32BB8B18100924FCA /* CGPoint+ext.swift */; };
		B39B02E62BB8D7A700924FCA /* ArrowNode.swift in Sources */ = {isa = PBXBuildFile; fileRef = B39B02E52BB8D7A700924FCA /* ArrowNode.swift */; };
		B39B02E82BB9071B00924FCA /* UIBezierPath+ext.swift in Sources */ = {isa = PBXBuildFile; fileRef = B39B02E72BB9071B00924FCA /* UIBezierPath+ext.swift */; };
		B39B02FC2BBB56BC00924FCA /* Urbanist-ExtraBoldItalic.ttf in Resources */ = {isa = PBXBuildFile; fileRef = B39B02EA2BBB56BB00924FCA /* Urbanist-ExtraBoldItalic.ttf */; };
		B39B02FD2BBB56BC00924FCA /* Urbanist-LightItalic.ttf in Resources */ = {isa = PBXBuildFile; fileRef = B39B02EB2BBB56BB00924FCA /* Urbanist-LightItalic.ttf */; };
		B39B02FE2BBB56BC00924FCA /* Urbanist-Thin.ttf in Resources */ = {isa = PBXBuildFile; fileRef = B39B02EC2BBB56BB00924FCA /* Urbanist-Thin.ttf */; };
		B39B02FF2BBB56BC00924FCA /* Urbanist-Bold.ttf in Resources */ = {isa = PBXBuildFile; fileRef = B39B02ED2BBB56BB00924FCA /* Urbanist-Bold.ttf */; };
		B39B03002BBB56BC00924FCA /* Urbanist-ExtraLight.ttf in Resources */ = {isa = PBXBuildFile; fileRef = B39B02EE2BBB56BC00924FCA /* Urbanist-ExtraLight.ttf */; };
		B39B03012BBB56BC00924FCA /* Urbanist-Medium.ttf in Resources */ = {isa = PBXBuildFile; fileRef = B39B02EF2BBB56BC00924FCA /* Urbanist-Medium.ttf */; };
		B39B03022BBB56BC00924FCA /* Urbanist-ExtraLightItalic.ttf in Resources */ = {isa = PBXBuildFile; fileRef = B39B02F02BBB56BC00924FCA /* Urbanist-ExtraLightItalic.ttf */; };
		B39B03032BBB56BC00924FCA /* Urbanist-Regular.ttf in Resources */ = {isa = PBXBuildFile; fileRef = B39B02F12BBB56BC00924FCA /* Urbanist-Regular.ttf */; };
		B39B03042BBB56BC00924FCA /* Urbanist-Light.ttf in Resources */ = {isa = PBXBuildFile; fileRef = B39B02F22BBB56BC00924FCA /* Urbanist-Light.ttf */; };
		B39B03052BBB56BC00924FCA /* Urbanist-BlackItalic.ttf in Resources */ = {isa = PBXBuildFile; fileRef = B39B02F32BBB56BC00924FCA /* Urbanist-BlackItalic.ttf */; };
		B39B03062BBB56BC00924FCA /* Urbanist-SemiBoldItalic.ttf in Resources */ = {isa = PBXBuildFile; fileRef = B39B02F42BBB56BC00924FCA /* Urbanist-SemiBoldItalic.ttf */; };
		B39B03072BBB56BC00924FCA /* Urbanist-ExtraBold.ttf in Resources */ = {isa = PBXBuildFile; fileRef = B39B02F52BBB56BC00924FCA /* Urbanist-ExtraBold.ttf */; };
		B39B03082BBB56BC00924FCA /* Urbanist-ThinItalic.ttf in Resources */ = {isa = PBXBuildFile; fileRef = B39B02F62BBB56BC00924FCA /* Urbanist-ThinItalic.ttf */; };
		B39B03092BBB56BC00924FCA /* Urbanist-Italic.ttf in Resources */ = {isa = PBXBuildFile; fileRef = B39B02F72BBB56BC00924FCA /* Urbanist-Italic.ttf */; };
		B39B030A2BBB56BC00924FCA /* Urbanist-Black.ttf in Resources */ = {isa = PBXBuildFile; fileRef = B39B02F82BBB56BC00924FCA /* Urbanist-Black.ttf */; };
		B39B030B2BBB56BC00924FCA /* Urbanist-MediumItalic.ttf in Resources */ = {isa = PBXBuildFile; fileRef = B39B02F92BBB56BC00924FCA /* Urbanist-MediumItalic.ttf */; };
		B39B030C2BBB56BC00924FCA /* Urbanist-BoldItalic.ttf in Resources */ = {isa = PBXBuildFile; fileRef = B39B02FA2BBB56BC00924FCA /* Urbanist-BoldItalic.ttf */; };
		B39B030D2BBB56BC00924FCA /* Urbanist-SemiBold.ttf in Resources */ = {isa = PBXBuildFile; fileRef = B39B02FB2BBB56BC00924FCA /* Urbanist-SemiBold.ttf */; };
		B39B03102BBB7A1D00924FCA /* PrivacyInfo.xcprivacy in Resources */ = {isa = PBXBuildFile; fileRef = B39B030F2BBB7A1D00924FCA /* PrivacyInfo.xcprivacy */; };
		B3DEF4812BBE54790022A977 /* CGSize+ext.swift in Sources */ = {isa = PBXBuildFile; fileRef = B3DEF4802BBE54790022A977 /* CGSize+ext.swift */; };
		B3DEF4842BBF36B50022A977 /* HUDNode.swift in Sources */ = {isa = PBXBuildFile; fileRef = B3DEF4832BBF36B50022A977 /* HUDNode.swift */; };
		B3E248022BC47C4A002D5098 /* FacebookCore in Frameworks */ = {isa = PBXBuildFile; productRef = B3E248012BC47C4A002D5098 /* FacebookCore */; };
		B3E248052BC47D5D002D5098 /* AdSupport.framework in Frameworks */ = {isa = PBXBuildFile; fileRef = B3E248042BC47D5D002D5098 /* AdSupport.framework */; };
		B3E248072BC47D66002D5098 /* AppTrackingTransparency.framework in Frameworks */ = {isa = PBXBuildFile; fileRef = B3E248062BC47D66002D5098 /* AppTrackingTransparency.framework */; };
		B3E2480A2BC6096F002D5098 /* Collectible.swift in Sources */ = {isa = PBXBuildFile; fileRef = B3E248092BC6096F002D5098 /* Collectible.swift */; };
		B3E2480D2BC72480002D5098 /* CustomNavigationAnimator.swift in Sources */ = {isa = PBXBuildFile; fileRef = B3E2480C2BC72480002D5098 /* CustomNavigationAnimator.swift */; };
		B3E248102BC74583002D5098 /* AnalyticsService.swift in Sources */ = {isa = PBXBuildFile; fileRef = B3E2480F2BC74583002D5098 /* AnalyticsService.swift */; };
		B3E2481D2BC85DE9002D5098 /* AdMobService.swift in Sources */ = {isa = PBXBuildFile; fileRef = B3E2481C2BC85DE9002D5098 /* AdMobService.swift */; };
		B3E2481F2BC85FC7002D5098 /* Secrets.swift in Sources */ = {isa = PBXBuildFile; fileRef = B3E2481E2BC85FC7002D5098 /* Secrets.swift */; };
		B3E248212BC9AC6B002D5098 /* AdViewController.swift in Sources */ = {isa = PBXBuildFile; fileRef = B3E248202BC9AC6B002D5098 /* AdViewController.swift */; };
		B3E248252BCEE9D7002D5098 /* GameCenterService.swift in Sources */ = {isa = PBXBuildFile; fileRef = B3E248242BCEE9D7002D5098 /* GameCenterService.swift */; };
		B3E248282BCF1B79002D5098 /* SceneSetupManager.swift in Sources */ = {isa = PBXBuildFile; fileRef = B3E248272BCF1B79002D5098 /* SceneSetupManager.swift */; };
		B3E2482B2BD05865002D5098 /* SceneTouchManager.swift in Sources */ = {isa = PBXBuildFile; fileRef = B3E2482A2BD05865002D5098 /* SceneTouchManager.swift */; };
		B3E2482D2BD05E89002D5098 /* SceneContactManager.swift in Sources */ = {isa = PBXBuildFile; fileRef = B3E2482C2BD05E89002D5098 /* SceneContactManager.swift */; };
		B3E2482F2BD063B3002D5098 /* SceneUpdateManager.swift in Sources */ = {isa = PBXBuildFile; fileRef = B3E2482E2BD063B3002D5098 /* SceneUpdateManager.swift */; };
		B3E248322BD1CA86002D5098 /* LaunchTransitionView.swift in Sources */ = {isa = PBXBuildFile; fileRef = B3E248312BD1CA86002D5098 /* LaunchTransitionView.swift */; };
		B3E248342BD1CD3E002D5098 /* LaunchTransitionViewController.swift in Sources */ = {isa = PBXBuildFile; fileRef = B3E248332BD1CD3E002D5098 /* LaunchTransitionViewController.swift */; };
		B3E248372BD1DAEE002D5098 /* AudioManager.swift in Sources */ = {isa = PBXBuildFile; fileRef = B3E248362BD1DAEE002D5098 /* AudioManager.swift */; };
		B3E248502BD1E0AD002D5098 /* BackgroundMusic.swift in Sources */ = {isa = PBXBuildFile; fileRef = B3E2484F2BD1E0AD002D5098 /* BackgroundMusic.swift */; };
		B3E248522BD1E7EC002D5098 /* SoundEffect.swift in Sources */ = {isa = PBXBuildFile; fileRef = B3E248512BD1E7EC002D5098 /* SoundEffect.swift */; };
		B3E2485E2BD1EA8C002D5098 /* Media in Resources */ = {isa = PBXBuildFile; fileRef = B3E2485D2BD1EA8C002D5098 /* Media */; };
		B3F30C992BBDC09500A734F8 /* GoogleService-Info.plist in Resources */ = {isa = PBXBuildFile; fileRef = B3F30C982BBDC09400A734F8 /* GoogleService-Info.plist */; };
		B3F30CAB2BBDC82A00A734F8 /* FirebaseAnalytics in Frameworks */ = {isa = PBXBuildFile; productRef = B3F30CAA2BBDC82A00A734F8 /* FirebaseAnalytics */; };
		B3F30CAD2BBDC82A00A734F8 /* FirebaseAnalyticsSwift in Frameworks */ = {isa = PBXBuildFile; productRef = B3F30CAC2BBDC82A00A734F8 /* FirebaseAnalyticsSwift */; };
		B3F30CAF2BBDC82A00A734F8 /* FirebaseCrashlytics in Frameworks */ = {isa = PBXBuildFile; productRef = B3F30CAE2BBDC82A00A734F8 /* FirebaseCrashlytics */; };
		B3F30CB12BBDC82A00A734F8 /* FirebaseFirestore in Frameworks */ = {isa = PBXBuildFile; productRef = B3F30CB02BBDC82A00A734F8 /* FirebaseFirestore */; };
		B3F30CB32BBDC82A00A734F8 /* FirebaseFirestoreCombine-Community in Frameworks */ = {isa = PBXBuildFile; productRef = B3F30CB22BBDC82A00A734F8 /* FirebaseFirestoreCombine-Community */; };
		B3F30CB52BBDC82A00A734F8 /* FirebaseFirestoreSwift in Frameworks */ = {isa = PBXBuildFile; productRef = B3F30CB42BBDC82A00A734F8 /* FirebaseFirestoreSwift */; };
		B3F30CB72BBDC86400A734F8 /* MenuView.swift in Sources */ = {isa = PBXBuildFile; fileRef = B3F30CB62BBDC86400A734F8 /* MenuView.swift */; };
		B3F30CBA2BBDCB6800A734F8 /* MenuViewController.swift in Sources */ = {isa = PBXBuildFile; fileRef = B3F30CB92BBDCB6800A734F8 /* MenuViewController.swift */; };
		B3F30CC02BBDEBF100A734F8 /* GameView.swift in Sources */ = {isa = PBXBuildFile; fileRef = B3F30CBF2BBDEBF100A734F8 /* GameView.swift */; };
		B3FE90A12BD887FD008EBBA9 /* GoogleMobileAds in Frameworks */ = {isa = PBXBuildFile; productRef = B3FE90A02BD887FD008EBBA9 /* GoogleMobileAds */; };
		B3FE90A32BD9A4AC008EBBA9 /* SettingsView.swift in Sources */ = {isa = PBXBuildFile; fileRef = B3FE90A22BD9A4AC008EBBA9 /* SettingsView.swift */; };
		B3FE90A52BDB176A008EBBA9 /* UserPreferences.swift in Sources */ = {isa = PBXBuildFile; fileRef = B3FE90A42BDB176A008EBBA9 /* UserPreferences.swift */; };
		B3FE90A72BDB1E6F008EBBA9 /* HapticsManager.swift in Sources */ = {isa = PBXBuildFile; fileRef = B3FE90A62BDB1E6F008EBBA9 /* HapticsManager.swift */; };
		B3FE90A92BDB27F4008EBBA9 /* JukeboxView.swift in Sources */ = {isa = PBXBuildFile; fileRef = B3FE90A82BDB27F4008EBBA9 /* JukeboxView.swift */; };
		B3FE90AB2BDB2BC1008EBBA9 /* JukeboxViewController.swift in Sources */ = {isa = PBXBuildFile; fileRef = B3FE90AA2BDB2BC1008EBBA9 /* JukeboxViewController.swift */; };
		B3FE90AE2BDC07D5008EBBA9 /* MusicPaddedLabelCell.swift in Sources */ = {isa = PBXBuildFile; fileRef = B3FE90AD2BDC07D5008EBBA9 /* MusicPaddedLabelCell.swift */; };
		B3FE90B12BDC2539008EBBA9 /* PauseView.swift in Sources */ = {isa = PBXBuildFile; fileRef = B3FE90B02BDC2539008EBBA9 /* PauseView.swift */; };
		B3FE90B32BDC3AE6008EBBA9 /* GameOverView.swift in Sources */ = {isa = PBXBuildFile; fileRef = B3FE90B22BDC3AE6008EBBA9 /* GameOverView.swift */; };
		B3FE90B62BDCCDE5008EBBA9 /* UIView+ext.swift in Sources */ = {isa = PBXBuildFile; fileRef = B3FE90B52BDCCDE5008EBBA9 /* UIView+ext.swift */; };
		B3FE90B82BDCDB78008EBBA9 /* PauseButtonNode.swift in Sources */ = {isa = PBXBuildFile; fileRef = B3FE90B72BDCDB78008EBBA9 /* PauseButtonNode.swift */; };
		B3FE90BB2BDEC5F4008EBBA9 /* ItemsView.swift in Sources */ = {isa = PBXBuildFile; fileRef = B3FE90BA2BDEC5F4008EBBA9 /* ItemsView.swift */; };
		B3FE90C02BDEC689008EBBA9 /* ItemsViewController.swift in Sources */ = {isa = PBXBuildFile; fileRef = B3FE90BF2BDEC689008EBBA9 /* ItemsViewController.swift */; };
		B3FE90C42BDEC70E008EBBA9 /* InAppPurchasesView.swift in Sources */ = {isa = PBXBuildFile; fileRef = B3FE90C32BDEC70E008EBBA9 /* InAppPurchasesView.swift */; };
		B3FE90C62BDEC71D008EBBA9 /* InAppPurchasesViewController.swift in Sources */ = {isa = PBXBuildFile; fileRef = B3FE90C52BDEC71D008EBBA9 /* InAppPurchasesViewController.swift */; };
		B3FE90C82BDEC830008EBBA9 /* ShopViewController.swift in Sources */ = {isa = PBXBuildFile; fileRef = B3FE90C72BDEC830008EBBA9 /* ShopViewController.swift */; };
		B3FE90CD2BDF4844008EBBA9 /* ShopItem.swift in Sources */ = {isa = PBXBuildFile; fileRef = B3FE90CC2BDF4844008EBBA9 /* ShopItem.swift */; };
		B3FE90D02BDF4864008EBBA9 /* ItemCell.swift in Sources */ = {isa = PBXBuildFile; fileRef = B3FE90CF2BDF4864008EBBA9 /* ItemCell.swift */; };
		B3FE90D22BDF63D0008EBBA9 /* IAPService.swift in Sources */ = {isa = PBXBuildFile; fileRef = B3FE90D12BDF63D0008EBBA9 /* IAPService.swift */; };
		B3FE90D52BDF6E80008EBBA9 /* Localizable.xcstrings in Resources */ = {isa = PBXBuildFile; fileRef = B3FE90D42BDF6E80008EBBA9 /* Localizable.xcstrings */; };
		B3FE90D82BE010C9008EBBA9 /* UserDefaultsKeys.swift in Sources */ = {isa = PBXBuildFile; fileRef = B3FE90D72BE010C9008EBBA9 /* UserDefaultsKeys.swift */; };
		B3FE90DF2BE01926008EBBA9 /* SwiftyGif in Frameworks */ = {isa = PBXBuildFile; productRef = B3FE90DE2BE01926008EBBA9 /* SwiftyGif */; };
		B3FE90E42BE01C2A008EBBA9 /* TutorialView.swift in Sources */ = {isa = PBXBuildFile; fileRef = B3FE90E32BE01C2A008EBBA9 /* TutorialView.swift */; };
		B3FE90E62BE01D4E008EBBA9 /* tutorial-gif.gif in Resources */ = {isa = PBXBuildFile; fileRef = B3FE90E52BE01D4E008EBBA9 /* tutorial-gif.gif */; };
		B3FE90E82BE03D1B008EBBA9 /* FirebaseAuth in Frameworks */ = {isa = PBXBuildFile; productRef = B3FE90E72BE03D1B008EBBA9 /* FirebaseAuth */; };
		B3FE90EA2BE03D1B008EBBA9 /* FirebaseMessaging in Frameworks */ = {isa = PBXBuildFile; productRef = B3FE90E92BE03D1B008EBBA9 /* FirebaseMessaging */; };
		B3FE90EE2BE04991008EBBA9 /* FirestoreSerializable.swift in Sources */ = {isa = PBXBuildFile; fileRef = B3FE90ED2BE04991008EBBA9 /* FirestoreSerializable.swift */; };
		B3FE90F02BE049F4008EBBA9 /* FirestoreService.swift in Sources */ = {isa = PBXBuildFile; fileRef = B3FE90EF2BE049F4008EBBA9 /* FirestoreService.swift */; };
		B3FE90F22BE04AC9008EBBA9 /* AppSettings.swift in Sources */ = {isa = PBXBuildFile; fileRef = B3FE90F12BE04AC9008EBBA9 /* AppSettings.swift */; };
/* End PBXBuildFile section */

/* Begin PBXFileReference section */
		B31A3C752BAA264D005728C8 /* business.app */ = {isa = PBXFileReference; explicitFileType = wrapper.application; includeInIndex = 0; path = business.app; sourceTree = BUILT_PRODUCTS_DIR; };
		B31A3C782BAA264D005728C8 /* AppDelegate.swift */ = {isa = PBXFileReference; lastKnownFileType = sourcecode.swift; path = AppDelegate.swift; sourceTree = "<group>"; };
		B31A3C7A2BAA264D005728C8 /* GameScene.sks */ = {isa = PBXFileReference; lastKnownFileType = file.sks; path = GameScene.sks; sourceTree = "<group>"; };
		B31A3C7C2BAA264D005728C8 /* Actions.sks */ = {isa = PBXFileReference; lastKnownFileType = file.sks; path = Actions.sks; sourceTree = "<group>"; };
		B31A3C7E2BAA264D005728C8 /* GameScene.swift */ = {isa = PBXFileReference; lastKnownFileType = sourcecode.swift; path = GameScene.swift; sourceTree = "<group>"; };
		B31A3C802BAA264D005728C8 /* GameViewController.swift */ = {isa = PBXFileReference; lastKnownFileType = sourcecode.swift; path = GameViewController.swift; sourceTree = "<group>"; };
		B31A3C852BAA264F005728C8 /* Assets.xcassets */ = {isa = PBXFileReference; lastKnownFileType = folder.assetcatalog; path = Assets.xcassets; sourceTree = "<group>"; };
		B31A3C882BAA264F005728C8 /* Base */ = {isa = PBXFileReference; lastKnownFileType = file.storyboard; name = Base; path = Base.lproj/LaunchScreen.storyboard; sourceTree = "<group>"; };
		B31A3C922BAA55C9005728C8 /* WallMaterial.swift */ = {isa = PBXFileReference; lastKnownFileType = sourcecode.swift; path = WallMaterial.swift; sourceTree = "<group>"; };
		B31A3C952BAA5862005728C8 /* WallNode.swift */ = {isa = PBXFileReference; lastKnownFileType = sourcecode.swift; path = WallNode.swift; sourceTree = "<group>"; };
		B31A3C972BAA5AF6005728C8 /* PhysicsCategory.swift */ = {isa = PBXFileReference; lastKnownFileType = sourcecode.swift; path = PhysicsCategory.swift; sourceTree = "<group>"; };
		B3434B6F2BACAEE000F9D401 /* WallFactory.swift */ = {isa = PBXFileReference; lastKnownFileType = sourcecode.swift; path = WallFactory.swift; sourceTree = "<group>"; };
		B3434B772BB10A8600F9D401 /* GameManager.swift */ = {isa = PBXFileReference; lastKnownFileType = sourcecode.swift; path = GameManager.swift; sourceTree = "<group>"; };
		B3434B792BB1E0E500F9D401 /* CGVector+ext.swift */ = {isa = PBXFileReference; lastKnownFileType = sourcecode.swift; path = "CGVector+ext.swift"; sourceTree = "<group>"; };
		B3434B7D2BB1E3B500F9D401 /* AgentComponent.swift */ = {isa = PBXFileReference; lastKnownFileType = sourcecode.swift; path = AgentComponent.swift; sourceTree = "<group>"; };
		B3434B7F2BB1E3EE00F9D401 /* CucumberSpriteComponent.swift */ = {isa = PBXFileReference; lastKnownFileType = sourcecode.swift; path = CucumberSpriteComponent.swift; sourceTree = "<group>"; };
		B3434B812BB1E45700F9D401 /* CucumberEntity.swift */ = {isa = PBXFileReference; lastKnownFileType = sourcecode.swift; path = CucumberEntity.swift; sourceTree = "<group>"; };
		B3434B832BB1E50200F9D401 /* CatEntity.swift */ = {isa = PBXFileReference; lastKnownFileType = sourcecode.swift; path = CatEntity.swift; sourceTree = "<group>"; };
		B3434B852BB1E51B00F9D401 /* CatSpriteComponent.swift */ = {isa = PBXFileReference; lastKnownFileType = sourcecode.swift; path = CatSpriteComponent.swift; sourceTree = "<group>"; };
		B3434B8B2BB33B8600F9D401 /* GameConstants.swift */ = {isa = PBXFileReference; lastKnownFileType = sourcecode.swift; path = GameConstants.swift; sourceTree = "<group>"; };
		B3434B912BB4972E00F9D401 /* CameraManager.swift */ = {isa = PBXFileReference; lastKnownFileType = sourcecode.swift; path = CameraManager.swift; sourceTree = "<group>"; };
		B39B02E32BB8B18100924FCA /* CGPoint+ext.swift */ = {isa = PBXFileReference; lastKnownFileType = sourcecode.swift; path = "CGPoint+ext.swift"; sourceTree = "<group>"; };
		B39B02E52BB8D7A700924FCA /* ArrowNode.swift */ = {isa = PBXFileReference; lastKnownFileType = sourcecode.swift; path = ArrowNode.swift; sourceTree = "<group>"; };
		B39B02E72BB9071B00924FCA /* UIBezierPath+ext.swift */ = {isa = PBXFileReference; lastKnownFileType = sourcecode.swift; path = "UIBezierPath+ext.swift"; sourceTree = "<group>"; };
		B39B02EA2BBB56BB00924FCA /* Urbanist-ExtraBoldItalic.ttf */ = {isa = PBXFileReference; lastKnownFileType = file; path = "Urbanist-ExtraBoldItalic.ttf"; sourceTree = "<group>"; };
		B39B02EB2BBB56BB00924FCA /* Urbanist-LightItalic.ttf */ = {isa = PBXFileReference; lastKnownFileType = file; path = "Urbanist-LightItalic.ttf"; sourceTree = "<group>"; };
		B39B02EC2BBB56BB00924FCA /* Urbanist-Thin.ttf */ = {isa = PBXFileReference; lastKnownFileType = file; path = "Urbanist-Thin.ttf"; sourceTree = "<group>"; };
		B39B02ED2BBB56BB00924FCA /* Urbanist-Bold.ttf */ = {isa = PBXFileReference; lastKnownFileType = file; path = "Urbanist-Bold.ttf"; sourceTree = "<group>"; };
		B39B02EE2BBB56BC00924FCA /* Urbanist-ExtraLight.ttf */ = {isa = PBXFileReference; lastKnownFileType = file; path = "Urbanist-ExtraLight.ttf"; sourceTree = "<group>"; };
		B39B02EF2BBB56BC00924FCA /* Urbanist-Medium.ttf */ = {isa = PBXFileReference; lastKnownFileType = file; path = "Urbanist-Medium.ttf"; sourceTree = "<group>"; };
		B39B02F02BBB56BC00924FCA /* Urbanist-ExtraLightItalic.ttf */ = {isa = PBXFileReference; lastKnownFileType = file; path = "Urbanist-ExtraLightItalic.ttf"; sourceTree = "<group>"; };
		B39B02F12BBB56BC00924FCA /* Urbanist-Regular.ttf */ = {isa = PBXFileReference; lastKnownFileType = file; path = "Urbanist-Regular.ttf"; sourceTree = "<group>"; };
		B39B02F22BBB56BC00924FCA /* Urbanist-Light.ttf */ = {isa = PBXFileReference; lastKnownFileType = file; path = "Urbanist-Light.ttf"; sourceTree = "<group>"; };
		B39B02F32BBB56BC00924FCA /* Urbanist-BlackItalic.ttf */ = {isa = PBXFileReference; lastKnownFileType = file; path = "Urbanist-BlackItalic.ttf"; sourceTree = "<group>"; };
		B39B02F42BBB56BC00924FCA /* Urbanist-SemiBoldItalic.ttf */ = {isa = PBXFileReference; lastKnownFileType = file; path = "Urbanist-SemiBoldItalic.ttf"; sourceTree = "<group>"; };
		B39B02F52BBB56BC00924FCA /* Urbanist-ExtraBold.ttf */ = {isa = PBXFileReference; lastKnownFileType = file; path = "Urbanist-ExtraBold.ttf"; sourceTree = "<group>"; };
		B39B02F62BBB56BC00924FCA /* Urbanist-ThinItalic.ttf */ = {isa = PBXFileReference; lastKnownFileType = file; path = "Urbanist-ThinItalic.ttf"; sourceTree = "<group>"; };
		B39B02F72BBB56BC00924FCA /* Urbanist-Italic.ttf */ = {isa = PBXFileReference; lastKnownFileType = file; path = "Urbanist-Italic.ttf"; sourceTree = "<group>"; };
		B39B02F82BBB56BC00924FCA /* Urbanist-Black.ttf */ = {isa = PBXFileReference; lastKnownFileType = file; path = "Urbanist-Black.ttf"; sourceTree = "<group>"; };
		B39B02F92BBB56BC00924FCA /* Urbanist-MediumItalic.ttf */ = {isa = PBXFileReference; lastKnownFileType = file; path = "Urbanist-MediumItalic.ttf"; sourceTree = "<group>"; };
		B39B02FA2BBB56BC00924FCA /* Urbanist-BoldItalic.ttf */ = {isa = PBXFileReference; lastKnownFileType = file; path = "Urbanist-BoldItalic.ttf"; sourceTree = "<group>"; };
		B39B02FB2BBB56BC00924FCA /* Urbanist-SemiBold.ttf */ = {isa = PBXFileReference; lastKnownFileType = file; path = "Urbanist-SemiBold.ttf"; sourceTree = "<group>"; };
		B39B030E2BBB572800924FCA /* Info.plist */ = {isa = PBXFileReference; lastKnownFileType = text.plist; path = Info.plist; sourceTree = "<group>"; };
		B39B030F2BBB7A1D00924FCA /* PrivacyInfo.xcprivacy */ = {isa = PBXFileReference; lastKnownFileType = text.xml; path = PrivacyInfo.xcprivacy; sourceTree = "<group>"; };
		B3DEF4802BBE54790022A977 /* CGSize+ext.swift */ = {isa = PBXFileReference; lastKnownFileType = sourcecode.swift; path = "CGSize+ext.swift"; sourceTree = "<group>"; };
		B3DEF4832BBF36B50022A977 /* HUDNode.swift */ = {isa = PBXFileReference; lastKnownFileType = sourcecode.swift; path = HUDNode.swift; sourceTree = "<group>"; };
		B3E248042BC47D5D002D5098 /* AdSupport.framework */ = {isa = PBXFileReference; lastKnownFileType = wrapper.framework; name = AdSupport.framework; path = System/Library/Frameworks/AdSupport.framework; sourceTree = SDKROOT; };
		B3E248062BC47D66002D5098 /* AppTrackingTransparency.framework */ = {isa = PBXFileReference; lastKnownFileType = wrapper.framework; name = AppTrackingTransparency.framework; path = System/Library/Frameworks/AppTrackingTransparency.framework; sourceTree = SDKROOT; };
		B3E248092BC6096F002D5098 /* Collectible.swift */ = {isa = PBXFileReference; lastKnownFileType = sourcecode.swift; path = Collectible.swift; sourceTree = "<group>"; };
		B3E2480C2BC72480002D5098 /* CustomNavigationAnimator.swift */ = {isa = PBXFileReference; lastKnownFileType = sourcecode.swift; path = CustomNavigationAnimator.swift; sourceTree = "<group>"; };
		B3E2480F2BC74583002D5098 /* AnalyticsService.swift */ = {isa = PBXFileReference; lastKnownFileType = sourcecode.swift; path = AnalyticsService.swift; sourceTree = "<group>"; };
		B3E2481C2BC85DE9002D5098 /* AdMobService.swift */ = {isa = PBXFileReference; lastKnownFileType = sourcecode.swift; path = AdMobService.swift; sourceTree = "<group>"; };
		B3E2481E2BC85FC7002D5098 /* Secrets.swift */ = {isa = PBXFileReference; lastKnownFileType = sourcecode.swift; path = Secrets.swift; sourceTree = "<group>"; };
		B3E248202BC9AC6B002D5098 /* AdViewController.swift */ = {isa = PBXFileReference; lastKnownFileType = sourcecode.swift; path = AdViewController.swift; sourceTree = "<group>"; };
		B3E248242BCEE9D7002D5098 /* GameCenterService.swift */ = {isa = PBXFileReference; lastKnownFileType = sourcecode.swift; path = GameCenterService.swift; sourceTree = "<group>"; };
		B3E248262BCEF631002D5098 /* business.entitlements */ = {isa = PBXFileReference; lastKnownFileType = text.plist.entitlements; path = business.entitlements; sourceTree = "<group>"; };
		B3E248272BCF1B79002D5098 /* SceneSetupManager.swift */ = {isa = PBXFileReference; lastKnownFileType = sourcecode.swift; path = SceneSetupManager.swift; sourceTree = "<group>"; };
		B3E2482A2BD05865002D5098 /* SceneTouchManager.swift */ = {isa = PBXFileReference; lastKnownFileType = sourcecode.swift; path = SceneTouchManager.swift; sourceTree = "<group>"; };
		B3E2482C2BD05E89002D5098 /* SceneContactManager.swift */ = {isa = PBXFileReference; lastKnownFileType = sourcecode.swift; path = SceneContactManager.swift; sourceTree = "<group>"; };
		B3E2482E2BD063B3002D5098 /* SceneUpdateManager.swift */ = {isa = PBXFileReference; lastKnownFileType = sourcecode.swift; path = SceneUpdateManager.swift; sourceTree = "<group>"; };
		B3E248312BD1CA86002D5098 /* LaunchTransitionView.swift */ = {isa = PBXFileReference; lastKnownFileType = sourcecode.swift; path = LaunchTransitionView.swift; sourceTree = "<group>"; };
		B3E248332BD1CD3E002D5098 /* LaunchTransitionViewController.swift */ = {isa = PBXFileReference; lastKnownFileType = sourcecode.swift; path = LaunchTransitionViewController.swift; sourceTree = "<group>"; };
		B3E248362BD1DAEE002D5098 /* AudioManager.swift */ = {isa = PBXFileReference; lastKnownFileType = sourcecode.swift; path = AudioManager.swift; sourceTree = "<group>"; };
		B3E2484F2BD1E0AD002D5098 /* BackgroundMusic.swift */ = {isa = PBXFileReference; lastKnownFileType = sourcecode.swift; path = BackgroundMusic.swift; sourceTree = "<group>"; };
		B3E248512BD1E7EC002D5098 /* SoundEffect.swift */ = {isa = PBXFileReference; lastKnownFileType = sourcecode.swift; path = SoundEffect.swift; sourceTree = "<group>"; };
		B3E2485D2BD1EA8C002D5098 /* Media */ = {isa = PBXFileReference; lastKnownFileType = folder; path = Media; sourceTree = "<group>"; };
		B3F30C982BBDC09400A734F8 /* GoogleService-Info.plist */ = {isa = PBXFileReference; fileEncoding = 4; lastKnownFileType = text.plist.xml; path = "GoogleService-Info.plist"; sourceTree = "<group>"; };
		B3F30CB62BBDC86400A734F8 /* MenuView.swift */ = {isa = PBXFileReference; lastKnownFileType = sourcecode.swift; path = MenuView.swift; sourceTree = "<group>"; };
		B3F30CB92BBDCB6800A734F8 /* MenuViewController.swift */ = {isa = PBXFileReference; lastKnownFileType = sourcecode.swift; path = MenuViewController.swift; sourceTree = "<group>"; };
		B3F30CBF2BBDEBF100A734F8 /* GameView.swift */ = {isa = PBXFileReference; lastKnownFileType = sourcecode.swift; path = GameView.swift; sourceTree = "<group>"; };
		B3FE90A22BD9A4AC008EBBA9 /* SettingsView.swift */ = {isa = PBXFileReference; lastKnownFileType = sourcecode.swift; path = SettingsView.swift; sourceTree = "<group>"; };
		B3FE90A42BDB176A008EBBA9 /* UserPreferences.swift */ = {isa = PBXFileReference; lastKnownFileType = sourcecode.swift; path = UserPreferences.swift; sourceTree = "<group>"; };
		B3FE90A62BDB1E6F008EBBA9 /* HapticsManager.swift */ = {isa = PBXFileReference; lastKnownFileType = sourcecode.swift; path = HapticsManager.swift; sourceTree = "<group>"; };
		B3FE90A82BDB27F4008EBBA9 /* JukeboxView.swift */ = {isa = PBXFileReference; lastKnownFileType = sourcecode.swift; path = JukeboxView.swift; sourceTree = "<group>"; };
		B3FE90AA2BDB2BC1008EBBA9 /* JukeboxViewController.swift */ = {isa = PBXFileReference; lastKnownFileType = sourcecode.swift; path = JukeboxViewController.swift; sourceTree = "<group>"; };
		B3FE90AD2BDC07D5008EBBA9 /* MusicPaddedLabelCell.swift */ = {isa = PBXFileReference; lastKnownFileType = sourcecode.swift; path = MusicPaddedLabelCell.swift; sourceTree = "<group>"; };
		B3FE90B02BDC2539008EBBA9 /* PauseView.swift */ = {isa = PBXFileReference; lastKnownFileType = sourcecode.swift; path = PauseView.swift; sourceTree = "<group>"; };
		B3FE90B22BDC3AE6008EBBA9 /* GameOverView.swift */ = {isa = PBXFileReference; lastKnownFileType = sourcecode.swift; path = GameOverView.swift; sourceTree = "<group>"; };
		B3FE90B52BDCCDE5008EBBA9 /* UIView+ext.swift */ = {isa = PBXFileReference; lastKnownFileType = sourcecode.swift; path = "UIView+ext.swift"; sourceTree = "<group>"; };
		B3FE90B72BDCDB78008EBBA9 /* PauseButtonNode.swift */ = {isa = PBXFileReference; lastKnownFileType = sourcecode.swift; path = PauseButtonNode.swift; sourceTree = "<group>"; };
		B3FE90BA2BDEC5F4008EBBA9 /* ItemsView.swift */ = {isa = PBXFileReference; lastKnownFileType = sourcecode.swift; path = ItemsView.swift; sourceTree = "<group>"; };
		B3FE90BF2BDEC689008EBBA9 /* ItemsViewController.swift */ = {isa = PBXFileReference; lastKnownFileType = sourcecode.swift; path = ItemsViewController.swift; sourceTree = "<group>"; };
		B3FE90C32BDEC70E008EBBA9 /* InAppPurchasesView.swift */ = {isa = PBXFileReference; lastKnownFileType = sourcecode.swift; path = InAppPurchasesView.swift; sourceTree = "<group>"; };
		B3FE90C52BDEC71D008EBBA9 /* InAppPurchasesViewController.swift */ = {isa = PBXFileReference; lastKnownFileType = sourcecode.swift; path = InAppPurchasesViewController.swift; sourceTree = "<group>"; };
		B3FE90C72BDEC830008EBBA9 /* ShopViewController.swift */ = {isa = PBXFileReference; lastKnownFileType = sourcecode.swift; path = ShopViewController.swift; sourceTree = "<group>"; };
		B3FE90CC2BDF4844008EBBA9 /* ShopItem.swift */ = {isa = PBXFileReference; lastKnownFileType = sourcecode.swift; path = ShopItem.swift; sourceTree = "<group>"; };
		B3FE90CF2BDF4864008EBBA9 /* ItemCell.swift */ = {isa = PBXFileReference; lastKnownFileType = sourcecode.swift; path = ItemCell.swift; sourceTree = "<group>"; };
		B3FE90D12BDF63D0008EBBA9 /* IAPService.swift */ = {isa = PBXFileReference; lastKnownFileType = sourcecode.swift; path = IAPService.swift; sourceTree = "<group>"; };
		B3FE90D42BDF6E80008EBBA9 /* Localizable.xcstrings */ = {isa = PBXFileReference; lastKnownFileType = text.json.xcstrings; path = Localizable.xcstrings; sourceTree = "<group>"; };
		B3FE90D72BE010C9008EBBA9 /* UserDefaultsKeys.swift */ = {isa = PBXFileReference; lastKnownFileType = sourcecode.swift; path = UserDefaultsKeys.swift; sourceTree = "<group>"; };
		B3FE90E32BE01C2A008EBBA9 /* TutorialView.swift */ = {isa = PBXFileReference; lastKnownFileType = sourcecode.swift; path = TutorialView.swift; sourceTree = "<group>"; };
		B3FE90E52BE01D4E008EBBA9 /* tutorial-gif.gif */ = {isa = PBXFileReference; lastKnownFileType = image.gif; path = "tutorial-gif.gif"; sourceTree = "<group>"; };
		B3FE90ED2BE04991008EBBA9 /* FirestoreSerializable.swift */ = {isa = PBXFileReference; lastKnownFileType = sourcecode.swift; path = FirestoreSerializable.swift; sourceTree = "<group>"; };
		B3FE90EF2BE049F4008EBBA9 /* FirestoreService.swift */ = {isa = PBXFileReference; lastKnownFileType = sourcecode.swift; path = FirestoreService.swift; sourceTree = "<group>"; };
		B3FE90F12BE04AC9008EBBA9 /* AppSettings.swift */ = {isa = PBXFileReference; lastKnownFileType = sourcecode.swift; path = AppSettings.swift; sourceTree = "<group>"; };
/* End PBXFileReference section */

/* Begin PBXFrameworksBuildPhase section */
		B31A3C722BAA264D005728C8 /* Frameworks */ = {
			isa = PBXFrameworksBuildPhase;
			buildActionMask = 2147483647;
			files = (
				B3F30CAF2BBDC82A00A734F8 /* FirebaseCrashlytics in Frameworks */,
				B3FE90DF2BE01926008EBBA9 /* SwiftyGif in Frameworks */,
				B3E248052BC47D5D002D5098 /* AdSupport.framework in Frameworks */,
				B3FE90A12BD887FD008EBBA9 /* GoogleMobileAds in Frameworks */,
				B3F30CB12BBDC82A00A734F8 /* FirebaseFirestore in Frameworks */,
				B3E248072BC47D66002D5098 /* AppTrackingTransparency.framework in Frameworks */,
				B3E248022BC47C4A002D5098 /* FacebookCore in Frameworks */,
				B3FE90E82BE03D1B008EBBA9 /* FirebaseAuth in Frameworks */,
				B3FE90EA2BE03D1B008EBBA9 /* FirebaseMessaging in Frameworks */,
				B3F30CAD2BBDC82A00A734F8 /* FirebaseAnalyticsSwift in Frameworks */,
				B3F30CB32BBDC82A00A734F8 /* FirebaseFirestoreCombine-Community in Frameworks */,
				B3F30CAB2BBDC82A00A734F8 /* FirebaseAnalytics in Frameworks */,
				B3F30CB52BBDC82A00A734F8 /* FirebaseFirestoreSwift in Frameworks */,
			);
			runOnlyForDeploymentPostprocessing = 0;
		};
/* End PBXFrameworksBuildPhase section */

/* Begin PBXGroup section */
		B31A3C6C2BAA264D005728C8 = {
			isa = PBXGroup;
			children = (
				B31A3C772BAA264D005728C8 /* business */,
				B31A3C762BAA264D005728C8 /* Products */,
				B3E248032BC47D5C002D5098 /* Frameworks */,
			);
			sourceTree = "<group>";
		};
		B31A3C762BAA264D005728C8 /* Products */ = {
			isa = PBXGroup;
			children = (
				B31A3C752BAA264D005728C8 /* business.app */,
			);
			name = Products;
			sourceTree = "<group>";
		};
		B31A3C772BAA264D005728C8 /* business */ = {
			isa = PBXGroup;
			children = (
				B3FE90E02BE01ACE008EBBA9 /* gif */,
				B3E2485D2BD1EA8C002D5098 /* Media */,
				B3E248352BD1DA8F002D5098 /* Shared */,
				B3E248262BCEF631002D5098 /* business.entitlements */,
				B3E2480E2BC7456A002D5098 /* Network */,
				B3434B732BACB7B200F9D401 /* Common */,
				B3F30CA82BBDC7D000A734F8 /* View */,
				B3434B932BB4A0C400F9D401 /* Controller */,
				B3F30C982BBDC09400A734F8 /* GoogleService-Info.plist */,
				B39B030E2BBB572800924FCA /* Info.plist */,
				B39B02E92BBB566E00924FCA /* Fonts */,
				B3434B712BACB79900F9D401 /* Factories */,
				B31A3C8F2BAA5058005728C8 /* Model */,
				B31A3C852BAA264F005728C8 /* Assets.xcassets */,
				B39B030F2BBB7A1D00924FCA /* PrivacyInfo.xcprivacy */,
			);
			path = business;
			sourceTree = "<group>";
		};
		B31A3C8F2BAA5058005728C8 /* Model */ = {
			isa = PBXGroup;
			children = (
				B3FE90EC2BE0497D008EBBA9 /* Firestore */,
				B3FE90CB2BDF483C008EBBA9 /* Shop */,
				B3434B8D2BB496DA00F9D401 /* Constant */,
				B3434B6E2BAB655700F9D401 /* +ext */,
				B31A3C942BAA5852005728C8 /* GameEntity */,
			);
			path = Model;
			sourceTree = "<group>";
		};
		B31A3C942BAA5852005728C8 /* GameEntity */ = {
			isa = PBXGroup;
			children = (
				B3E248082BC60967002D5098 /* Collectible */,
				B3DEF4822BBF36AC0022A977 /* HUD */,
				B3434B902BB4971200F9D401 /* Camera */,
				B3434B8F2BB4970700F9D401 /* GKAgent */,
				B3434B8E2BB496F600F9D401 /* Wall */,
				B3434B7C2BB1E39800F9D401 /* Cucumber */,
				B3434B7B2BB1E38800F9D401 /* Cat */,
			);
			path = GameEntity;
			sourceTree = "<group>";
		};
		B3434B6E2BAB655700F9D401 /* +ext */ = {
			isa = PBXGroup;
			children = (
				B3434B792BB1E0E500F9D401 /* CGVector+ext.swift */,
				B39B02E32BB8B18100924FCA /* CGPoint+ext.swift */,
				B39B02E72BB9071B00924FCA /* UIBezierPath+ext.swift */,
				B3DEF4802BBE54790022A977 /* CGSize+ext.swift */,
			);
			path = "+ext";
			sourceTree = "<group>";
		};
		B3434B712BACB79900F9D401 /* Factories */ = {
			isa = PBXGroup;
			children = (
				B3434B6F2BACAEE000F9D401 /* WallFactory.swift */,
			);
			path = Factories;
			sourceTree = "<group>";
		};
		B3434B722BACB7A200F9D401 /* Scene */ = {
			isa = PBXGroup;
			children = (
				B3E248292BD05858002D5098 /* LogicManager */,
				B31A3C7C2BAA264D005728C8 /* Actions.sks */,
				B31A3C7E2BAA264D005728C8 /* GameScene.swift */,
				B31A3C7A2BAA264D005728C8 /* GameScene.sks */,
			);
			path = Scene;
			sourceTree = "<group>";
		};
		B3434B732BACB7B200F9D401 /* Common */ = {
			isa = PBXGroup;
			children = (
				B31A3C782BAA264D005728C8 /* AppDelegate.swift */,
			);
			path = Common;
			sourceTree = "<group>";
		};
		B3434B742BACB7B900F9D401 /* Storyboards */ = {
			isa = PBXGroup;
			children = (
				B31A3C872BAA264F005728C8 /* LaunchScreen.storyboard */,
			);
			path = Storyboards;
			sourceTree = "<group>";
		};
		B3434B7B2BB1E38800F9D401 /* Cat */ = {
			isa = PBXGroup;
			children = (
				B3434B832BB1E50200F9D401 /* CatEntity.swift */,
				B3434B852BB1E51B00F9D401 /* CatSpriteComponent.swift */,
				B39B02E52BB8D7A700924FCA /* ArrowNode.swift */,
			);
			path = Cat;
			sourceTree = "<group>";
		};
		B3434B7C2BB1E39800F9D401 /* Cucumber */ = {
			isa = PBXGroup;
			children = (
				B3434B7F2BB1E3EE00F9D401 /* CucumberSpriteComponent.swift */,
				B3434B812BB1E45700F9D401 /* CucumberEntity.swift */,
			);
			path = Cucumber;
			sourceTree = "<group>";
		};
		B3434B8D2BB496DA00F9D401 /* Constant */ = {
			isa = PBXGroup;
			children = (
				B3434B8B2BB33B8600F9D401 /* GameConstants.swift */,
				B31A3C972BAA5AF6005728C8 /* PhysicsCategory.swift */,
			);
			path = Constant;
			sourceTree = "<group>";
		};
		B3434B8E2BB496F600F9D401 /* Wall */ = {
			isa = PBXGroup;
			children = (
				B31A3C922BAA55C9005728C8 /* WallMaterial.swift */,
				B31A3C952BAA5862005728C8 /* WallNode.swift */,
			);
			path = Wall;
			sourceTree = "<group>";
		};
		B3434B8F2BB4970700F9D401 /* GKAgent */ = {
			isa = PBXGroup;
			children = (
				B3434B7D2BB1E3B500F9D401 /* AgentComponent.swift */,
			);
			path = GKAgent;
			sourceTree = "<group>";
		};
		B3434B902BB4971200F9D401 /* Camera */ = {
			isa = PBXGroup;
			children = (
				B3434B912BB4972E00F9D401 /* CameraManager.swift */,
			);
			path = Camera;
			sourceTree = "<group>";
		};
		B3434B932BB4A0C400F9D401 /* Controller */ = {
			isa = PBXGroup;
			children = (
				B3FE90C22BDEC6FD008EBBA9 /* Shop */,
				B3FE90C12BDEC6AC008EBBA9 /* Menu */,
				B31A3C802BAA264D005728C8 /* GameViewController.swift */,
				B3E2480C2BC72480002D5098 /* CustomNavigationAnimator.swift */,
				B3E248202BC9AC6B002D5098 /* AdViewController.swift */,
				B3E248332BD1CD3E002D5098 /* LaunchTransitionViewController.swift */,
			);
			path = Controller;
			sourceTree = "<group>";
		};
		B39B02E92BBB566E00924FCA /* Fonts */ = {
			isa = PBXGroup;
			children = (
				B39B02F82BBB56BC00924FCA /* Urbanist-Black.ttf */,
				B39B02F32BBB56BC00924FCA /* Urbanist-BlackItalic.ttf */,
				B39B02ED2BBB56BB00924FCA /* Urbanist-Bold.ttf */,
				B39B02FA2BBB56BC00924FCA /* Urbanist-BoldItalic.ttf */,
				B39B02F52BBB56BC00924FCA /* Urbanist-ExtraBold.ttf */,
				B39B02EA2BBB56BB00924FCA /* Urbanist-ExtraBoldItalic.ttf */,
				B39B02EE2BBB56BC00924FCA /* Urbanist-ExtraLight.ttf */,
				B39B02F02BBB56BC00924FCA /* Urbanist-ExtraLightItalic.ttf */,
				B39B02F72BBB56BC00924FCA /* Urbanist-Italic.ttf */,
				B39B02F22BBB56BC00924FCA /* Urbanist-Light.ttf */,
				B39B02EB2BBB56BB00924FCA /* Urbanist-LightItalic.ttf */,
				B39B02EF2BBB56BC00924FCA /* Urbanist-Medium.ttf */,
				B39B02F92BBB56BC00924FCA /* Urbanist-MediumItalic.ttf */,
				B39B02F12BBB56BC00924FCA /* Urbanist-Regular.ttf */,
				B39B02FB2BBB56BC00924FCA /* Urbanist-SemiBold.ttf */,
				B39B02F42BBB56BC00924FCA /* Urbanist-SemiBoldItalic.ttf */,
				B39B02EC2BBB56BB00924FCA /* Urbanist-Thin.ttf */,
				B39B02F62BBB56BC00924FCA /* Urbanist-ThinItalic.ttf */,
			);
			path = Fonts;
			sourceTree = "<group>";
		};
		B3DEF4822BBF36AC0022A977 /* HUD */ = {
			isa = PBXGroup;
			children = (
				B3DEF4832BBF36B50022A977 /* HUDNode.swift */,
				B3FE90B72BDCDB78008EBBA9 /* PauseButtonNode.swift */,
			);
			path = HUD;
			sourceTree = "<group>";
		};
		B3E248032BC47D5C002D5098 /* Frameworks */ = {
			isa = PBXGroup;
			children = (
				B3E248062BC47D66002D5098 /* AppTrackingTransparency.framework */,
				B3E248042BC47D5D002D5098 /* AdSupport.framework */,
			);
			name = Frameworks;
			sourceTree = "<group>";
		};
		B3E248082BC60967002D5098 /* Collectible */ = {
			isa = PBXGroup;
			children = (
				B3E248092BC6096F002D5098 /* Collectible.swift */,
			);
			path = Collectible;
			sourceTree = "<group>";
		};
		B3E2480E2BC7456A002D5098 /* Network */ = {
			isa = PBXGroup;
			children = (
				B3E2481E2BC85FC7002D5098 /* Secrets.swift */,
				B3E2480F2BC74583002D5098 /* AnalyticsService.swift */,
				B3E2481C2BC85DE9002D5098 /* AdMobService.swift */,
				B3E248242BCEE9D7002D5098 /* GameCenterService.swift */,
				B3FE90D12BDF63D0008EBBA9 /* IAPService.swift */,
				B3FE90EF2BE049F4008EBBA9 /* FirestoreService.swift */,
			);
			path = Network;
			sourceTree = "<group>";
		};
		B3E248292BD05858002D5098 /* LogicManager */ = {
			isa = PBXGroup;
			children = (
				B3E248272BCF1B79002D5098 /* SceneSetupManager.swift */,
				B3E2482A2BD05865002D5098 /* SceneTouchManager.swift */,
				B3E2482C2BD05E89002D5098 /* SceneContactManager.swift */,
				B3E2482E2BD063B3002D5098 /* SceneUpdateManager.swift */,
			);
			path = LogicManager;
			sourceTree = "<group>";
		};
		B3E248352BD1DA8F002D5098 /* Shared */ = {
			isa = PBXGroup;
			children = (
				B3E2484D2BD1DE18002D5098 /* Audio */,
				B3434B772BB10A8600F9D401 /* GameManager.swift */,
				B3FE90A42BDB176A008EBBA9 /* UserPreferences.swift */,
				B3FE90A62BDB1E6F008EBBA9 /* HapticsManager.swift */,
				B3FE90D42BDF6E80008EBBA9 /* Localizable.xcstrings */,
				B3FE90D72BE010C9008EBBA9 /* UserDefaultsKeys.swift */,
			);
			path = Shared;
			sourceTree = "<group>";
		};
		B3E2484D2BD1DE18002D5098 /* Audio */ = {
			isa = PBXGroup;
			children = (
				B3E2484E2BD1E09F002D5098 /* Constants */,
				B3E248362BD1DAEE002D5098 /* AudioManager.swift */,
			);
			path = Audio;
			sourceTree = "<group>";
		};
		B3E2484E2BD1E09F002D5098 /* Constants */ = {
			isa = PBXGroup;
			children = (
				B3E2484F2BD1E0AD002D5098 /* BackgroundMusic.swift */,
				B3E248512BD1E7EC002D5098 /* SoundEffect.swift */,
			);
			path = Constants;
			sourceTree = "<group>";
		};
		B3F30CA82BBDC7D000A734F8 /* View */ = {
			isa = PBXGroup;
			children = (
				B3FE90BC2BDEC60B008EBBA9 /* Shop */,
				B3FE90B92BDEC5DD008EBBA9 /* Menu */,
				B3FE90B42BDCCDD8008EBBA9 /* +ext */,
				B3FE90AF2BDC251F008EBBA9 /* Game */,
				B3FE90AC2BDC07C9008EBBA9 /* TableView */,
				B3434B722BACB7A200F9D401 /* Scene */,
				B3434B742BACB7B900F9D401 /* Storyboards */,
				B3E248312BD1CA86002D5098 /* LaunchTransitionView.swift */,
			);
			path = View;
			sourceTree = "<group>";
		};
		B3FE90AC2BDC07C9008EBBA9 /* TableView */ = {
			isa = PBXGroup;
			children = (
				B3FE90AD2BDC07D5008EBBA9 /* MusicPaddedLabelCell.swift */,
			);
			path = TableView;
			sourceTree = "<group>";
		};
		B3FE90AF2BDC251F008EBBA9 /* Game */ = {
			isa = PBXGroup;
			children = (
				B3F30CBF2BBDEBF100A734F8 /* GameView.swift */,
				B3FE90B02BDC2539008EBBA9 /* PauseView.swift */,
				B3FE90B22BDC3AE6008EBBA9 /* GameOverView.swift */,
			);
			path = Game;
			sourceTree = "<group>";
		};
		B3FE90B42BDCCDD8008EBBA9 /* +ext */ = {
			isa = PBXGroup;
			children = (
				B3FE90B52BDCCDE5008EBBA9 /* UIView+ext.swift */,
			);
			path = "+ext";
			sourceTree = "<group>";
		};
		B3FE90B92BDEC5DD008EBBA9 /* Menu */ = {
			isa = PBXGroup;
			children = (
				B3F30CB62BBDC86400A734F8 /* MenuView.swift */,
				B3FE90A22BD9A4AC008EBBA9 /* SettingsView.swift */,
				B3FE90A82BDB27F4008EBBA9 /* JukeboxView.swift */,
				B3FE90E32BE01C2A008EBBA9 /* TutorialView.swift */,
			);
			path = Menu;
			sourceTree = "<group>";
		};
		B3FE90BC2BDEC60B008EBBA9 /* Shop */ = {
			isa = PBXGroup;
			children = (
				B3FE90CE2BDF485D008EBBA9 /* Cells */,
				B3FE90BA2BDEC5F4008EBBA9 /* ItemsView.swift */,
				B3FE90C32BDEC70E008EBBA9 /* InAppPurchasesView.swift */,
			);
			path = Shop;
			sourceTree = "<group>";
		};
		B3FE90C12BDEC6AC008EBBA9 /* Menu */ = {
			isa = PBXGroup;
			children = (
				B3FE90AA2BDB2BC1008EBBA9 /* JukeboxViewController.swift */,
				B3F30CB92BBDCB6800A734F8 /* MenuViewController.swift */,
			);
			path = Menu;
			sourceTree = "<group>";
		};
		B3FE90C22BDEC6FD008EBBA9 /* Shop */ = {
			isa = PBXGroup;
			children = (
				B3FE90BF2BDEC689008EBBA9 /* ItemsViewController.swift */,
				B3FE90C52BDEC71D008EBBA9 /* InAppPurchasesViewController.swift */,
				B3FE90C72BDEC830008EBBA9 /* ShopViewController.swift */,
			);
			path = Shop;
			sourceTree = "<group>";
		};
		B3FE90CB2BDF483C008EBBA9 /* Shop */ = {
			isa = PBXGroup;
			children = (
				B3FE90CC2BDF4844008EBBA9 /* ShopItem.swift */,
			);
			path = Shop;
			sourceTree = "<group>";
		};
		B3FE90CE2BDF485D008EBBA9 /* Cells */ = {
			isa = PBXGroup;
			children = (
				B3FE90CF2BDF4864008EBBA9 /* ItemCell.swift */,
			);
			path = Cells;
			sourceTree = "<group>";
		};
		B3FE90E02BE01ACE008EBBA9 /* gif */ = {
			isa = PBXGroup;
			children = (
				B3FE90E52BE01D4E008EBBA9 /* tutorial-gif.gif */,
			);
			path = gif;
			sourceTree = "<group>";
		};
		B3FE90EC2BE0497D008EBBA9 /* Firestore */ = {
			isa = PBXGroup;
			children = (
				B3FE90ED2BE04991008EBBA9 /* FirestoreSerializable.swift */,
				B3FE90F12BE04AC9008EBBA9 /* AppSettings.swift */,
			);
			path = Firestore;
			sourceTree = "<group>";
		};
/* End PBXGroup section */

/* Begin PBXNativeTarget section */
		B31A3C742BAA264D005728C8 /* business */ = {
			isa = PBXNativeTarget;
			buildConfigurationList = B31A3C8C2BAA264F005728C8 /* Build configuration list for PBXNativeTarget "business" */;
			buildPhases = (
				B31A3C712BAA264D005728C8 /* Sources */,
				B31A3C722BAA264D005728C8 /* Frameworks */,
				B31A3C732BAA264D005728C8 /* Resources */,
				B3E248112BC75C8C002D5098 /* ShellScript */,
			);
			buildRules = (
			);
			dependencies = (
			);
			name = business;
			packageProductDependencies = (
				B3F30CAA2BBDC82A00A734F8 /* FirebaseAnalytics */,
				B3F30CAC2BBDC82A00A734F8 /* FirebaseAnalyticsSwift */,
				B3F30CAE2BBDC82A00A734F8 /* FirebaseCrashlytics */,
				B3F30CB02BBDC82A00A734F8 /* FirebaseFirestore */,
				B3F30CB22BBDC82A00A734F8 /* FirebaseFirestoreCombine-Community */,
				B3F30CB42BBDC82A00A734F8 /* FirebaseFirestoreSwift */,
				B3E248012BC47C4A002D5098 /* FacebookCore */,
				B3FE90A02BD887FD008EBBA9 /* GoogleMobileAds */,
				B3FE90DE2BE01926008EBBA9 /* SwiftyGif */,
				B3FE90E72BE03D1B008EBBA9 /* FirebaseAuth */,
				B3FE90E92BE03D1B008EBBA9 /* FirebaseMessaging */,
			);
			productName = business;
			productReference = B31A3C752BAA264D005728C8 /* business.app */;
			productType = "com.apple.product-type.application";
		};
/* End PBXNativeTarget section */

/* Begin PBXProject section */
		B31A3C6D2BAA264D005728C8 /* Project object */ = {
			isa = PBXProject;
			attributes = {
				BuildIndependentTargetsInParallel = 1;
				LastSwiftUpdateCheck = 1520;
				LastUpgradeCheck = 1520;
				TargetAttributes = {
					B31A3C742BAA264D005728C8 = {
						CreatedOnToolsVersion = 15.2;
					};
				};
			};
			buildConfigurationList = B31A3C702BAA264D005728C8 /* Build configuration list for PBXProject "business" */;
			compatibilityVersion = "Xcode 14.0";
			developmentRegion = en;
			hasScannedForEncodings = 0;
			knownRegions = (
				en,
				Base,
				"pt-BR",
			);
			mainGroup = B31A3C6C2BAA264D005728C8;
			packageReferences = (
				B3F30CA92BBDC82A00A734F8 /* XCRemoteSwiftPackageReference "firebase-ios-sdk" */,
				B3E248002BC47C4A002D5098 /* XCRemoteSwiftPackageReference "facebook-ios-sdk" */,
				B3FE909F2BD887FD008EBBA9 /* XCRemoteSwiftPackageReference "swift-package-manager-google-mobile-ads" */,
				B3FE90D92BE01643008EBBA9 /* XCRemoteSwiftPackageReference "SwiftyGif" */,
			);
			productRefGroup = B31A3C762BAA264D005728C8 /* Products */;
			projectDirPath = "";
			projectRoot = "";
			targets = (
				B31A3C742BAA264D005728C8 /* business */,
			);
		};
/* End PBXProject section */

/* Begin PBXResourcesBuildPhase section */
		B31A3C732BAA264D005728C8 /* Resources */ = {
			isa = PBXResourcesBuildPhase;
			buildActionMask = 2147483647;
			files = (
				B3E2485E2BD1EA8C002D5098 /* Media in Resources */,
				B39B03022BBB56BC00924FCA /* Urbanist-ExtraLightItalic.ttf in Resources */,
				B39B03062BBB56BC00924FCA /* Urbanist-SemiBoldItalic.ttf in Resources */,
				B3F30C992BBDC09500A734F8 /* GoogleService-Info.plist in Resources */,
				B39B02FD2BBB56BC00924FCA /* Urbanist-LightItalic.ttf in Resources */,
				B39B02FC2BBB56BC00924FCA /* Urbanist-ExtraBoldItalic.ttf in Resources */,
				B3FE90D52BDF6E80008EBBA9 /* Localizable.xcstrings in Resources */,
				B31A3C7B2BAA264D005728C8 /* GameScene.sks in Resources */,
				B39B03102BBB7A1D00924FCA /* PrivacyInfo.xcprivacy in Resources */,
				B39B030D2BBB56BC00924FCA /* Urbanist-SemiBold.ttf in Resources */,
				B31A3C862BAA264F005728C8 /* Assets.xcassets in Resources */,
				B39B03082BBB56BC00924FCA /* Urbanist-ThinItalic.ttf in Resources */,
				B39B030A2BBB56BC00924FCA /* Urbanist-Black.ttf in Resources */,
				B39B03032BBB56BC00924FCA /* Urbanist-Regular.ttf in Resources */,
				B39B02FE2BBB56BC00924FCA /* Urbanist-Thin.ttf in Resources */,
				B39B030C2BBB56BC00924FCA /* Urbanist-BoldItalic.ttf in Resources */,
				B39B030B2BBB56BC00924FCA /* Urbanist-MediumItalic.ttf in Resources */,
				B39B03002BBB56BC00924FCA /* Urbanist-ExtraLight.ttf in Resources */,
				B39B03052BBB56BC00924FCA /* Urbanist-BlackItalic.ttf in Resources */,
				B39B03092BBB56BC00924FCA /* Urbanist-Italic.ttf in Resources */,
				B39B03042BBB56BC00924FCA /* Urbanist-Light.ttf in Resources */,
				B39B02FF2BBB56BC00924FCA /* Urbanist-Bold.ttf in Resources */,
				B31A3C892BAA264F005728C8 /* LaunchScreen.storyboard in Resources */,
				B3FE90E62BE01D4E008EBBA9 /* tutorial-gif.gif in Resources */,
				B39B03012BBB56BC00924FCA /* Urbanist-Medium.ttf in Resources */,
				B31A3C7D2BAA264D005728C8 /* Actions.sks in Resources */,
				B39B03072BBB56BC00924FCA /* Urbanist-ExtraBold.ttf in Resources */,
			);
			runOnlyForDeploymentPostprocessing = 0;
		};
/* End PBXResourcesBuildPhase section */

/* Begin PBXShellScriptBuildPhase section */
		B3E248112BC75C8C002D5098 /* ShellScript */ = {
			isa = PBXShellScriptBuildPhase;
			alwaysOutOfDate = 1;
			buildActionMask = 2147483647;
			files = (
			);
			inputFileListPaths = (
			);
			inputPaths = (
				"${DWARF_DSYM_FOLDER_PATH}/${DWARF_DSYM_FILE_NAME}",
				"${DWARF_DSYM_FOLDER_PATH}/${DWARF_DSYM_FILE_NAME}/Contents/Resources/DWARF/${PRODUCT_NAME}",
				"${DWARF_DSYM_FOLDER_PATH}/${DWARF_DSYM_FILE_NAME}/Contents/Info.plist",
				"$(TARGET_BUILD_DIR)/$(UNLOCALIZED_RESOURCES_FOLDER_PATH)/GoogleService-Info.plist",
				"$(TARGET_BUILD_DIR)/$(EXECUTABLE_PATH)",
			);
			outputFileListPaths = (
			);
			outputPaths = (
			);
			runOnlyForDeploymentPostprocessing = 0;
			shellPath = /bin/sh;
			shellScript = "${BUILD_DIR%Build/*}/SourcePackages/checkouts/firebase-ios-sdk/Crashlytics/run\n";
		};
/* End PBXShellScriptBuildPhase section */

/* Begin PBXSourcesBuildPhase section */
		B31A3C712BAA264D005728C8 /* Sources */ = {
			isa = PBXSourcesBuildPhase;
			buildActionMask = 2147483647;
			files = (
				B31A3C932BAA55C9005728C8 /* WallMaterial.swift in Sources */,
				B3E248252BCEE9D7002D5098 /* GameCenterService.swift in Sources */,
				B3FE90CD2BDF4844008EBBA9 /* ShopItem.swift in Sources */,
				B3E2482B2BD05865002D5098 /* SceneTouchManager.swift in Sources */,
				B3E248502BD1E0AD002D5098 /* BackgroundMusic.swift in Sources */,
				B3434B842BB1E50200F9D401 /* CatEntity.swift in Sources */,
				B3434B922BB4972E00F9D401 /* CameraManager.swift in Sources */,
				B3FE90BB2BDEC5F4008EBBA9 /* ItemsView.swift in Sources */,
				B3FE90E42BE01C2A008EBBA9 /* TutorialView.swift in Sources */,
				B3434B7E2BB1E3B500F9D401 /* AgentComponent.swift in Sources */,
				B3FE90A32BD9A4AC008EBBA9 /* SettingsView.swift in Sources */,
				B39B02E42BB8B18100924FCA /* CGPoint+ext.swift in Sources */,
				B3F30CB72BBDC86400A734F8 /* MenuView.swift in Sources */,
				B3FE90C82BDEC830008EBBA9 /* ShopViewController.swift in Sources */,
				B3FE90C62BDEC71D008EBBA9 /* InAppPurchasesViewController.swift in Sources */,
				B3E2482D2BD05E89002D5098 /* SceneContactManager.swift in Sources */,
				B39B02E62BB8D7A700924FCA /* ArrowNode.swift in Sources */,
				B3DEF4842BBF36B50022A977 /* HUDNode.swift in Sources */,
				B3434B702BACAEE000F9D401 /* WallFactory.swift in Sources */,
				B3434B822BB1E45700F9D401 /* CucumberEntity.swift in Sources */,
				B3434B8C2BB33B8600F9D401 /* GameConstants.swift in Sources */,
				B3F30CBA2BBDCB6800A734F8 /* MenuViewController.swift in Sources */,
				B3FE90B12BDC2539008EBBA9 /* PauseView.swift in Sources */,
				B3FE90F22BE04AC9008EBBA9 /* AppSettings.swift in Sources */,
				B31A3C7F2BAA264D005728C8 /* GameScene.swift in Sources */,
				B3E2481F2BC85FC7002D5098 /* Secrets.swift in Sources */,
				B3FE90B62BDCCDE5008EBBA9 /* UIView+ext.swift in Sources */,
				B3434B862BB1E51B00F9D401 /* CatSpriteComponent.swift in Sources */,
				B3FE90D82BE010C9008EBBA9 /* UserDefaultsKeys.swift in Sources */,
				B3FE90EE2BE04991008EBBA9 /* FirestoreSerializable.swift in Sources */,
				B31A3C812BAA264D005728C8 /* GameViewController.swift in Sources */,
				B3FE90AB2BDB2BC1008EBBA9 /* JukeboxViewController.swift in Sources */,
				B39B02E82BB9071B00924FCA /* UIBezierPath+ext.swift in Sources */,
				B3FE90C02BDEC689008EBBA9 /* ItemsViewController.swift in Sources */,
				B3E2480A2BC6096F002D5098 /* Collectible.swift in Sources */,
				B3FE90B82BDCDB78008EBBA9 /* PauseButtonNode.swift in Sources */,
				B3FE90C42BDEC70E008EBBA9 /* InAppPurchasesView.swift in Sources */,
				B3E2480D2BC72480002D5098 /* CustomNavigationAnimator.swift in Sources */,
				B3FE90A72BDB1E6F008EBBA9 /* HapticsManager.swift in Sources */,
				B31A3C792BAA264D005728C8 /* AppDelegate.swift in Sources */,
				B3F30CC02BBDEBF100A734F8 /* GameView.swift in Sources */,
				B31A3C962BAA5862005728C8 /* WallNode.swift in Sources */,
				B3E248282BCF1B79002D5098 /* SceneSetupManager.swift in Sources */,
				B31A3C982BAA5AF6005728C8 /* PhysicsCategory.swift in Sources */,
				B3FE90F02BE049F4008EBBA9 /* FirestoreService.swift in Sources */,
				B3FE90AE2BDC07D5008EBBA9 /* MusicPaddedLabelCell.swift in Sources */,
				B3E248372BD1DAEE002D5098 /* AudioManager.swift in Sources */,
				B3E2482F2BD063B3002D5098 /* SceneUpdateManager.swift in Sources */,
				B3E248522BD1E7EC002D5098 /* SoundEffect.swift in Sources */,
				B3FE90D02BDF4864008EBBA9 /* ItemCell.swift in Sources */,
				B3434B782BB10A8600F9D401 /* GameManager.swift in Sources */,
				B3E248322BD1CA86002D5098 /* LaunchTransitionView.swift in Sources */,
				B3E248342BD1CD3E002D5098 /* LaunchTransitionViewController.swift in Sources */,
				B3FE90B32BDC3AE6008EBBA9 /* GameOverView.swift in Sources */,
				B3E248102BC74583002D5098 /* AnalyticsService.swift in Sources */,
				B3E2481D2BC85DE9002D5098 /* AdMobService.swift in Sources */,
				B3FE90A92BDB27F4008EBBA9 /* JukeboxView.swift in Sources */,
				B3FE90D22BDF63D0008EBBA9 /* IAPService.swift in Sources */,
				B3FE90A52BDB176A008EBBA9 /* UserPreferences.swift in Sources */,
				B3434B7A2BB1E0E500F9D401 /* CGVector+ext.swift in Sources */,
				B3E248212BC9AC6B002D5098 /* AdViewController.swift in Sources */,
				B3DEF4812BBE54790022A977 /* CGSize+ext.swift in Sources */,
				B3434B802BB1E3EE00F9D401 /* CucumberSpriteComponent.swift in Sources */,
			);
			runOnlyForDeploymentPostprocessing = 0;
		};
/* End PBXSourcesBuildPhase section */

/* Begin PBXVariantGroup section */
		B31A3C872BAA264F005728C8 /* LaunchScreen.storyboard */ = {
			isa = PBXVariantGroup;
			children = (
				B31A3C882BAA264F005728C8 /* Base */,
			);
			name = LaunchScreen.storyboard;
			sourceTree = "<group>";
		};
/* End PBXVariantGroup section */

/* Begin XCBuildConfiguration section */
		B31A3C8A2BAA264F005728C8 /* Debug */ = {
			isa = XCBuildConfiguration;
			buildSettings = {
				ALWAYS_SEARCH_USER_PATHS = NO;
				ASSETCATALOG_COMPILER_GENERATE_SWIFT_ASSET_SYMBOL_EXTENSIONS = YES;
				CLANG_ANALYZER_LOCALIZABILITY_NONLOCALIZED = YES;
				CLANG_ANALYZER_NONNULL = YES;
				CLANG_ANALYZER_NUMBER_OBJECT_CONVERSION = YES_AGGRESSIVE;
				CLANG_CXX_LANGUAGE_STANDARD = "gnu++20";
				CLANG_ENABLE_MODULES = YES;
				CLANG_ENABLE_OBJC_ARC = YES;
				CLANG_ENABLE_OBJC_WEAK = YES;
				CLANG_WARN_BLOCK_CAPTURE_AUTORELEASING = YES;
				CLANG_WARN_BOOL_CONVERSION = YES;
				CLANG_WARN_COMMA = YES;
				CLANG_WARN_CONSTANT_CONVERSION = YES;
				CLANG_WARN_DEPRECATED_OBJC_IMPLEMENTATIONS = YES;
				CLANG_WARN_DIRECT_OBJC_ISA_USAGE = YES_ERROR;
				CLANG_WARN_DOCUMENTATION_COMMENTS = YES;
				CLANG_WARN_EMPTY_BODY = YES;
				CLANG_WARN_ENUM_CONVERSION = YES;
				CLANG_WARN_INFINITE_RECURSION = YES;
				CLANG_WARN_INT_CONVERSION = YES;
				CLANG_WARN_NON_LITERAL_NULL_CONVERSION = YES;
				CLANG_WARN_OBJC_IMPLICIT_RETAIN_SELF = YES;
				CLANG_WARN_OBJC_LITERAL_CONVERSION = YES;
				CLANG_WARN_OBJC_ROOT_CLASS = YES_ERROR;
				CLANG_WARN_QUOTED_INCLUDE_IN_FRAMEWORK_HEADER = YES;
				CLANG_WARN_RANGE_LOOP_ANALYSIS = YES;
				CLANG_WARN_STRICT_PROTOTYPES = YES;
				CLANG_WARN_SUSPICIOUS_MOVE = YES;
				CLANG_WARN_UNGUARDED_AVAILABILITY = YES_AGGRESSIVE;
				CLANG_WARN_UNREACHABLE_CODE = YES;
				CLANG_WARN__DUPLICATE_METHOD_MATCH = YES;
				COPY_PHASE_STRIP = NO;
				DEBUG_INFORMATION_FORMAT = dwarf;
				ENABLE_STRICT_OBJC_MSGSEND = YES;
				ENABLE_TESTABILITY = YES;
				ENABLE_USER_SCRIPT_SANDBOXING = YES;
				GCC_C_LANGUAGE_STANDARD = gnu17;
				GCC_DYNAMIC_NO_PIC = NO;
				GCC_NO_COMMON_BLOCKS = YES;
				GCC_OPTIMIZATION_LEVEL = 0;
				GCC_PREPROCESSOR_DEFINITIONS = (
					"DEBUG=1",
					"$(inherited)",
				);
				GCC_WARN_64_TO_32_BIT_CONVERSION = YES;
				GCC_WARN_ABOUT_RETURN_TYPE = YES_ERROR;
				GCC_WARN_UNDECLARED_SELECTOR = YES;
				GCC_WARN_UNINITIALIZED_AUTOS = YES_AGGRESSIVE;
				GCC_WARN_UNUSED_FUNCTION = YES;
				GCC_WARN_UNUSED_VARIABLE = YES;
				IPHONEOS_DEPLOYMENT_TARGET = 15.0;
				LOCALIZATION_PREFERS_STRING_CATALOGS = YES;
				MTL_ENABLE_DEBUG_INFO = INCLUDE_SOURCE;
				MTL_FAST_MATH = YES;
				ONLY_ACTIVE_ARCH = YES;
				SDKROOT = iphoneos;
				SWIFT_ACTIVE_COMPILATION_CONDITIONS = "DEBUG $(inherited)";
				SWIFT_OPTIMIZATION_LEVEL = "-Onone";
			};
			name = Debug;
		};
		B31A3C8B2BAA264F005728C8 /* Release */ = {
			isa = XCBuildConfiguration;
			buildSettings = {
				ALWAYS_SEARCH_USER_PATHS = NO;
				ASSETCATALOG_COMPILER_GENERATE_SWIFT_ASSET_SYMBOL_EXTENSIONS = YES;
				CLANG_ANALYZER_LOCALIZABILITY_NONLOCALIZED = YES;
				CLANG_ANALYZER_NONNULL = YES;
				CLANG_ANALYZER_NUMBER_OBJECT_CONVERSION = YES_AGGRESSIVE;
				CLANG_CXX_LANGUAGE_STANDARD = "gnu++20";
				CLANG_ENABLE_MODULES = YES;
				CLANG_ENABLE_OBJC_ARC = YES;
				CLANG_ENABLE_OBJC_WEAK = YES;
				CLANG_WARN_BLOCK_CAPTURE_AUTORELEASING = YES;
				CLANG_WARN_BOOL_CONVERSION = YES;
				CLANG_WARN_COMMA = YES;
				CLANG_WARN_CONSTANT_CONVERSION = YES;
				CLANG_WARN_DEPRECATED_OBJC_IMPLEMENTATIONS = YES;
				CLANG_WARN_DIRECT_OBJC_ISA_USAGE = YES_ERROR;
				CLANG_WARN_DOCUMENTATION_COMMENTS = YES;
				CLANG_WARN_EMPTY_BODY = YES;
				CLANG_WARN_ENUM_CONVERSION = YES;
				CLANG_WARN_INFINITE_RECURSION = YES;
				CLANG_WARN_INT_CONVERSION = YES;
				CLANG_WARN_NON_LITERAL_NULL_CONVERSION = YES;
				CLANG_WARN_OBJC_IMPLICIT_RETAIN_SELF = YES;
				CLANG_WARN_OBJC_LITERAL_CONVERSION = YES;
				CLANG_WARN_OBJC_ROOT_CLASS = YES_ERROR;
				CLANG_WARN_QUOTED_INCLUDE_IN_FRAMEWORK_HEADER = YES;
				CLANG_WARN_RANGE_LOOP_ANALYSIS = YES;
				CLANG_WARN_STRICT_PROTOTYPES = YES;
				CLANG_WARN_SUSPICIOUS_MOVE = YES;
				CLANG_WARN_UNGUARDED_AVAILABILITY = YES_AGGRESSIVE;
				CLANG_WARN_UNREACHABLE_CODE = YES;
				CLANG_WARN__DUPLICATE_METHOD_MATCH = YES;
				COPY_PHASE_STRIP = NO;
				DEBUG_INFORMATION_FORMAT = "dwarf-with-dsym";
				ENABLE_NS_ASSERTIONS = NO;
				ENABLE_STRICT_OBJC_MSGSEND = YES;
				ENABLE_USER_SCRIPT_SANDBOXING = YES;
				GCC_C_LANGUAGE_STANDARD = gnu17;
				GCC_NO_COMMON_BLOCKS = YES;
				GCC_WARN_64_TO_32_BIT_CONVERSION = YES;
				GCC_WARN_ABOUT_RETURN_TYPE = YES_ERROR;
				GCC_WARN_UNDECLARED_SELECTOR = YES;
				GCC_WARN_UNINITIALIZED_AUTOS = YES_AGGRESSIVE;
				GCC_WARN_UNUSED_FUNCTION = YES;
				GCC_WARN_UNUSED_VARIABLE = YES;
				IPHONEOS_DEPLOYMENT_TARGET = 15.0;
				LOCALIZATION_PREFERS_STRING_CATALOGS = YES;
				MTL_ENABLE_DEBUG_INFO = NO;
				MTL_FAST_MATH = YES;
				SDKROOT = iphoneos;
				SWIFT_COMPILATION_MODE = wholemodule;
				VALIDATE_PRODUCT = YES;
			};
			name = Release;
		};
		B31A3C8D2BAA264F005728C8 /* Debug */ = {
			isa = XCBuildConfiguration;
			buildSettings = {
				ASSETCATALOG_COMPILER_APPICON_NAME = AppIcon;
				ASSETCATALOG_COMPILER_GLOBAL_ACCENT_COLOR_NAME = AccentColor;
				CODE_SIGN_ENTITLEMENTS = business/business.entitlements;
				CODE_SIGN_STYLE = Automatic;
				CURRENT_PROJECT_VERSION = 2;
				DEBUG_INFORMATION_FORMAT = "dwarf-with-dsym";
				DEVELOPMENT_TEAM = 7U55BCTM6U;
				GENERATE_INFOPLIST_FILE = YES;
				INFOPLIST_FILE = business/Info.plist;
				INFOPLIST_KEY_CFBundleDisplayName = "Up Uup Cat";
				INFOPLIST_KEY_LSApplicationCategoryType = "public.app-category.games";
				INFOPLIST_KEY_NSUserTrackingUsageDescription = "We want to improve user experience through usage data.";
				INFOPLIST_KEY_UIApplicationSupportsIndirectInputEvents = YES;
				INFOPLIST_KEY_UILaunchStoryboardName = LaunchScreen.storyboard;
				INFOPLIST_KEY_UIRequiresFullScreen = YES;
				INFOPLIST_KEY_UIStatusBarHidden = YES;
				INFOPLIST_KEY_UIStatusBarStyle = "";
				INFOPLIST_KEY_UISupportedInterfaceOrientations = "UIInterfaceOrientationPortrait UIInterfaceOrientationPortraitUpsideDown";
				IPHONEOS_DEPLOYMENT_TARGET = 15.0;
				LD_RUNPATH_SEARCH_PATHS = (
					"$(inherited)",
					"@executable_path/Frameworks",
				);
				MARKETING_VERSION = 1.4.1;
				OTHER_LDFLAGS = "-ObjC";
				PRODUCT_BUNDLE_IDENTIFIER = dev.mnhz.business;
				PRODUCT_NAME = "$(TARGET_NAME)";
				SUPPORTED_PLATFORMS = "iphoneos iphonesimulator";
				SUPPORTS_MACCATALYST = NO;
				SUPPORTS_MAC_DESIGNED_FOR_IPHONE_IPAD = NO;
				SUPPORTS_XR_DESIGNED_FOR_IPHONE_IPAD = YES;
				SWIFT_EMIT_LOC_STRINGS = YES;
				SWIFT_VERSION = 5.0;
				TARGETED_DEVICE_FAMILY = "1,2";
			};
			name = Debug;
		};
		B31A3C8E2BAA264F005728C8 /* Release */ = {
			isa = XCBuildConfiguration;
			buildSettings = {
				ASSETCATALOG_COMPILER_APPICON_NAME = AppIcon;
				ASSETCATALOG_COMPILER_GLOBAL_ACCENT_COLOR_NAME = AccentColor;
				CODE_SIGN_ENTITLEMENTS = business/business.entitlements;
				CODE_SIGN_STYLE = Automatic;
				CURRENT_PROJECT_VERSION = 2;
				DEBUG_INFORMATION_FORMAT = "dwarf-with-dsym";
				DEVELOPMENT_TEAM = 7U55BCTM6U;
				GENERATE_INFOPLIST_FILE = YES;
				INFOPLIST_FILE = business/Info.plist;
				INFOPLIST_KEY_CFBundleDisplayName = "Up Uup Cat";
				INFOPLIST_KEY_LSApplicationCategoryType = "public.app-category.games";
				INFOPLIST_KEY_NSUserTrackingUsageDescription = "We want to improve user experience through usage data.";
				INFOPLIST_KEY_UIApplicationSupportsIndirectInputEvents = YES;
				INFOPLIST_KEY_UILaunchStoryboardName = LaunchScreen.storyboard;
				INFOPLIST_KEY_UIRequiresFullScreen = YES;
				INFOPLIST_KEY_UIStatusBarHidden = YES;
				INFOPLIST_KEY_UIStatusBarStyle = "";
				INFOPLIST_KEY_UISupportedInterfaceOrientations = "UIInterfaceOrientationPortrait UIInterfaceOrientationPortraitUpsideDown";
				IPHONEOS_DEPLOYMENT_TARGET = 15.0;
				LD_RUNPATH_SEARCH_PATHS = (
					"$(inherited)",
					"@executable_path/Frameworks",
				);
				MARKETING_VERSION = 1.4.1;
				OTHER_LDFLAGS = "-ObjC";
				PRODUCT_BUNDLE_IDENTIFIER = dev.mnhz.business;
				PRODUCT_NAME = "$(TARGET_NAME)";
				SUPPORTED_PLATFORMS = "iphoneos iphonesimulator";
				SUPPORTS_MACCATALYST = NO;
				SUPPORTS_MAC_DESIGNED_FOR_IPHONE_IPAD = NO;
				SUPPORTS_XR_DESIGNED_FOR_IPHONE_IPAD = YES;
				SWIFT_EMIT_LOC_STRINGS = YES;
				SWIFT_VERSION = 5.0;
				TARGETED_DEVICE_FAMILY = "1,2";
			};
			name = Release;
		};
/* End XCBuildConfiguration section */

/* Begin XCConfigurationList section */
		B31A3C702BAA264D005728C8 /* Build configuration list for PBXProject "business" */ = {
			isa = XCConfigurationList;
			buildConfigurations = (
				B31A3C8A2BAA264F005728C8 /* Debug */,
				B31A3C8B2BAA264F005728C8 /* Release */,
			);
			defaultConfigurationIsVisible = 0;
			defaultConfigurationName = Release;
		};
		B31A3C8C2BAA264F005728C8 /* Build configuration list for PBXNativeTarget "business" */ = {
			isa = XCConfigurationList;
			buildConfigurations = (
				B31A3C8D2BAA264F005728C8 /* Debug */,
				B31A3C8E2BAA264F005728C8 /* Release */,
			);
			defaultConfigurationIsVisible = 0;
			defaultConfigurationName = Release;
		};
/* End XCConfigurationList section */

/* Begin XCRemoteSwiftPackageReference section */
		B3E248002BC47C4A002D5098 /* XCRemoteSwiftPackageReference "facebook-ios-sdk" */ = {
			isa = XCRemoteSwiftPackageReference;
			repositoryURL = "https://github.com/facebook/facebook-ios-sdk";
			requirement = {
				kind = upToNextMajorVersion;
				minimumVersion = 17.0.0;
			};
		};
		B3F30CA92BBDC82A00A734F8 /* XCRemoteSwiftPackageReference "firebase-ios-sdk" */ = {
			isa = XCRemoteSwiftPackageReference;
			repositoryURL = "https://github.com/firebase/firebase-ios-sdk";
			requirement = {
				kind = upToNextMajorVersion;
				minimumVersion = 10.23.1;
			};
		};
		B3FE909F2BD887FD008EBBA9 /* XCRemoteSwiftPackageReference "swift-package-manager-google-mobile-ads" */ = {
			isa = XCRemoteSwiftPackageReference;
			repositoryURL = "https://github.com/googleads/swift-package-manager-google-mobile-ads.git";
			requirement = {
				kind = upToNextMajorVersion;
				minimumVersion = 11.3.0;
			};
		};
		B3FE90D92BE01643008EBBA9 /* XCRemoteSwiftPackageReference "SwiftyGif" */ = {
			isa = XCRemoteSwiftPackageReference;
			repositoryURL = "https://github.com/kirualex/SwiftyGif.git";
			requirement = {
				kind = upToNextMajorVersion;
				minimumVersion = 5.4.5;
			};
		};
/* End XCRemoteSwiftPackageReference section */

/* Begin XCSwiftPackageProductDependency section */
		B3E248012BC47C4A002D5098 /* FacebookCore */ = {
			isa = XCSwiftPackageProductDependency;
			package = B3E248002BC47C4A002D5098 /* XCRemoteSwiftPackageReference "facebook-ios-sdk" */;
			productName = FacebookCore;
		};
		B3F30CAA2BBDC82A00A734F8 /* FirebaseAnalytics */ = {
			isa = XCSwiftPackageProductDependency;
			package = B3F30CA92BBDC82A00A734F8 /* XCRemoteSwiftPackageReference "firebase-ios-sdk" */;
			productName = FirebaseAnalytics;
		};
		B3F30CAC2BBDC82A00A734F8 /* FirebaseAnalyticsSwift */ = {
			isa = XCSwiftPackageProductDependency;
			package = B3F30CA92BBDC82A00A734F8 /* XCRemoteSwiftPackageReference "firebase-ios-sdk" */;
			productName = FirebaseAnalyticsSwift;
		};
		B3F30CAE2BBDC82A00A734F8 /* FirebaseCrashlytics */ = {
			isa = XCSwiftPackageProductDependency;
			package = B3F30CA92BBDC82A00A734F8 /* XCRemoteSwiftPackageReference "firebase-ios-sdk" */;
			productName = FirebaseCrashlytics;
		};
		B3F30CB02BBDC82A00A734F8 /* FirebaseFirestore */ = {
			isa = XCSwiftPackageProductDependency;
			package = B3F30CA92BBDC82A00A734F8 /* XCRemoteSwiftPackageReference "firebase-ios-sdk" */;
			productName = FirebaseFirestore;
		};
		B3F30CB22BBDC82A00A734F8 /* FirebaseFirestoreCombine-Community */ = {
			isa = XCSwiftPackageProductDependency;
			package = B3F30CA92BBDC82A00A734F8 /* XCRemoteSwiftPackageReference "firebase-ios-sdk" */;
			productName = "FirebaseFirestoreCombine-Community";
		};
		B3F30CB42BBDC82A00A734F8 /* FirebaseFirestoreSwift */ = {
			isa = XCSwiftPackageProductDependency;
			package = B3F30CA92BBDC82A00A734F8 /* XCRemoteSwiftPackageReference "firebase-ios-sdk" */;
			productName = FirebaseFirestoreSwift;
		};
		B3FE90A02BD887FD008EBBA9 /* GoogleMobileAds */ = {
			isa = XCSwiftPackageProductDependency;
			package = B3FE909F2BD887FD008EBBA9 /* XCRemoteSwiftPackageReference "swift-package-manager-google-mobile-ads" */;
			productName = GoogleMobileAds;
		};
		B3FE90DE2BE01926008EBBA9 /* SwiftyGif */ = {
			isa = XCSwiftPackageProductDependency;
			package = B3FE90D92BE01643008EBBA9 /* XCRemoteSwiftPackageReference "SwiftyGif" */;
			productName = SwiftyGif;
		};
		B3FE90E72BE03D1B008EBBA9 /* FirebaseAuth */ = {
			isa = XCSwiftPackageProductDependency;
			package = B3F30CA92BBDC82A00A734F8 /* XCRemoteSwiftPackageReference "firebase-ios-sdk" */;
			productName = FirebaseAuth;
		};
		B3FE90E92BE03D1B008EBBA9 /* FirebaseMessaging */ = {
			isa = XCSwiftPackageProductDependency;
			package = B3F30CA92BBDC82A00A734F8 /* XCRemoteSwiftPackageReference "firebase-ios-sdk" */;
			productName = FirebaseMessaging;
		};
/* End XCSwiftPackageProductDependency section */
	};
	rootObject = B31A3C6D2BAA264D005728C8 /* Project object */;
}
